// !$*UTF8*$!
{
	archiveVersion = 1;
	classes = {
	};
	objectVersion = 50;
	objects = {

/* Begin PBXBuildFile section */
		6536570D25B952330018EFFF /* takApp.swift in Sources */ = {isa = PBXBuildFile; fileRef = 6536570C25B952330018EFFF /* takApp.swift */; };
		6536570F25B952330018EFFF /* ContentView.swift in Sources */ = {isa = PBXBuildFile; fileRef = 6536570E25B952330018EFFF /* ContentView.swift */; };
		6536571125B952380018EFFF /* Assets.xcassets in Resources */ = {isa = PBXBuildFile; fileRef = 6536571025B952380018EFFF /* Assets.xcassets */; };
		6536571425B952380018EFFF /* Preview Assets.xcassets in Resources */ = {isa = PBXBuildFile; fileRef = 6536571325B952380018EFFF /* Preview Assets.xcassets */; };
		6536571F25B952390018EFFF /* takTests.swift in Sources */ = {isa = PBXBuildFile; fileRef = 6536571E25B952390018EFFF /* takTests.swift */; };
		6536572A25B952390018EFFF /* takUITests.swift in Sources */ = {isa = PBXBuildFile; fileRef = 6536572925B952390018EFFF /* takUITests.swift */; };
/* End PBXBuildFile section */

/* Begin PBXContainerItemProxy section */
		6536571B25B952390018EFFF /* PBXContainerItemProxy */ = {
			isa = PBXContainerItemProxy;
			containerPortal = 6536570125B952330018EFFF /* Project object */;
			proxyType = 1;
			remoteGlobalIDString = 6536570825B952330018EFFF;
			remoteInfo = tak;
		};
		6536572625B952390018EFFF /* PBXContainerItemProxy */ = {
			isa = PBXContainerItemProxy;
			containerPortal = 6536570125B952330018EFFF /* Project object */;
			proxyType = 1;
			remoteGlobalIDString = 6536570825B952330018EFFF;
			remoteInfo = tak;
		};
/* End PBXContainerItemProxy section */

/* Begin PBXFileReference section */
		6536570925B952330018EFFF /* tak.app */ = {isa = PBXFileReference; explicitFileType = wrapper.application; includeInIndex = 0; path = tak.app; sourceTree = BUILT_PRODUCTS_DIR; };
		6536570C25B952330018EFFF /* takApp.swift */ = {isa = PBXFileReference; lastKnownFileType = sourcecode.swift; path = takApp.swift; sourceTree = "<group>"; };
		6536570E25B952330018EFFF /* ContentView.swift */ = {isa = PBXFileReference; lastKnownFileType = sourcecode.swift; path = ContentView.swift; sourceTree = "<group>"; };
		6536571025B952380018EFFF /* Assets.xcassets */ = {isa = PBXFileReference; lastKnownFileType = folder.assetcatalog; path = Assets.xcassets; sourceTree = "<group>"; };
		6536571325B952380018EFFF /* Preview Assets.xcassets */ = {isa = PBXFileReference; lastKnownFileType = folder.assetcatalog; path = "Preview Assets.xcassets"; sourceTree = "<group>"; };
		6536571525B952380018EFFF /* Info.plist */ = {isa = PBXFileReference; lastKnownFileType = text.plist.xml; path = Info.plist; sourceTree = "<group>"; };
		6536571A25B952390018EFFF /* takTests.xctest */ = {isa = PBXFileReference; explicitFileType = wrapper.cfbundle; includeInIndex = 0; path = takTests.xctest; sourceTree = BUILT_PRODUCTS_DIR; };
		6536571E25B952390018EFFF /* takTests.swift */ = {isa = PBXFileReference; lastKnownFileType = sourcecode.swift; path = takTests.swift; sourceTree = "<group>"; };
		6536572025B952390018EFFF /* Info.plist */ = {isa = PBXFileReference; lastKnownFileType = text.plist.xml; path = Info.plist; sourceTree = "<group>"; };
		6536572525B952390018EFFF /* takUITests.xctest */ = {isa = PBXFileReference; explicitFileType = wrapper.cfbundle; includeInIndex = 0; path = takUITests.xctest; sourceTree = BUILT_PRODUCTS_DIR; };
		6536572925B952390018EFFF /* takUITests.swift */ = {isa = PBXFileReference; lastKnownFileType = sourcecode.swift; path = takUITests.swift; sourceTree = "<group>"; };
		6536572B25B952390018EFFF /* Info.plist */ = {isa = PBXFileReference; lastKnownFileType = text.plist.xml; path = Info.plist; sourceTree = "<group>"; };
/* End PBXFileReference section */

/* Begin PBXFrameworksBuildPhase section */
		6536570625B952330018EFFF /* Frameworks */ = {
			isa = PBXFrameworksBuildPhase;
			buildActionMask = 2147483647;
			files = (
			);
			runOnlyForDeploymentPostprocessing = 0;
		};
		6536571725B952390018EFFF /* Frameworks */ = {
			isa = PBXFrameworksBuildPhase;
			buildActionMask = 2147483647;
			files = (
			);
			runOnlyForDeploymentPostprocessing = 0;
		};
		6536572225B952390018EFFF /* Frameworks */ = {
			isa = PBXFrameworksBuildPhase;
			buildActionMask = 2147483647;
			files = (
			);
			runOnlyForDeploymentPostprocessing = 0;
		};
/* End PBXFrameworksBuildPhase section */

/* Begin PBXGroup section */
		6536570025B952330018EFFF = {
			isa = PBXGroup;
			children = (
				6536570B25B952330018EFFF /* tak */,
				6536571D25B952390018EFFF /* takTests */,
				6536572825B952390018EFFF /* takUITests */,
				6536570A25B952330018EFFF /* Products */,
			);
			sourceTree = "<group>";
		};
		6536570A25B952330018EFFF /* Products */ = {
			isa = PBXGroup;
			children = (
				6536570925B952330018EFFF /* tak.app */,
				6536571A25B952390018EFFF /* takTests.xctest */,
				6536572525B952390018EFFF /* takUITests.xctest */,
			);
			name = Products;
			sourceTree = "<group>";
		};
		6536570B25B952330018EFFF /* tak */ = {
			isa = PBXGroup;
			children = (
				6536570C25B952330018EFFF /* takApp.swift */,
				6536570E25B952330018EFFF /* ContentView.swift */,
				6536571025B952380018EFFF /* Assets.xcassets */,
				6536571525B952380018EFFF /* Info.plist */,
				6536571225B952380018EFFF /* Preview Content */,
			);
			path = tak;
			sourceTree = "<group>";
		};
		6536571225B952380018EFFF /* Preview Content */ = {
			isa = PBXGroup;
			children = (
				6536571325B952380018EFFF /* Preview Assets.xcassets */,
			);
			path = "Preview Content";
			sourceTree = "<group>";
		};
		6536571D25B952390018EFFF /* takTests */ = {
			isa = PBXGroup;
			children = (
				6536571E25B952390018EFFF /* takTests.swift */,
				6536572025B952390018EFFF /* Info.plist */,
			);
			path = takTests;
			sourceTree = "<group>";
		};
		6536572825B952390018EFFF /* takUITests */ = {
			isa = PBXGroup;
			children = (
				6536572925B952390018EFFF /* takUITests.swift */,
				6536572B25B952390018EFFF /* Info.plist */,
			);
			path = takUITests;
			sourceTree = "<group>";
		};
/* End PBXGroup section */

/* Begin PBXNativeTarget section */
		6536570825B952330018EFFF /* tak */ = {
			isa = PBXNativeTarget;
			buildConfigurationList = 6536572E25B952390018EFFF /* Build configuration list for PBXNativeTarget "tak" */;
			buildPhases = (
				6536570525B952330018EFFF /* Sources */,
				6536570625B952330018EFFF /* Frameworks */,
				6536570725B952330018EFFF /* Resources */,
			);
			buildRules = (
			);
			dependencies = (
			);
			name = tak;
			productName = tak;
			productReference = 6536570925B952330018EFFF /* tak.app */;
			productType = "com.apple.product-type.application";
		};
		6536571925B952390018EFFF /* takTests */ = {
			isa = PBXNativeTarget;
			buildConfigurationList = 6536573125B952390018EFFF /* Build configuration list for PBXNativeTarget "takTests" */;
			buildPhases = (
				6536571625B952390018EFFF /* Sources */,
				6536571725B952390018EFFF /* Frameworks */,
				6536571825B952390018EFFF /* Resources */,
			);
			buildRules = (
			);
			dependencies = (
				6536571C25B952390018EFFF /* PBXTargetDependency */,
			);
			name = takTests;
			productName = takTests;
			productReference = 6536571A25B952390018EFFF /* takTests.xctest */;
			productType = "com.apple.product-type.bundle.unit-test";
		};
		6536572425B952390018EFFF /* takUITests */ = {
			isa = PBXNativeTarget;
			buildConfigurationList = 6536573425B952390018EFFF /* Build configuration list for PBXNativeTarget "takUITests" */;
			buildPhases = (
				6536572125B952390018EFFF /* Sources */,
				6536572225B952390018EFFF /* Frameworks */,
				6536572325B952390018EFFF /* Resources */,
			);
			buildRules = (
			);
			dependencies = (
				6536572725B952390018EFFF /* PBXTargetDependency */,
			);
			name = takUITests;
			productName = takUITests;
			productReference = 6536572525B952390018EFFF /* takUITests.xctest */;
			productType = "com.apple.product-type.bundle.ui-testing";
		};
/* End PBXNativeTarget section */

/* Begin PBXProject section */
		6536570125B952330018EFFF /* Project object */ = {
			isa = PBXProject;
			attributes = {
				LastSwiftUpdateCheck = 1230;
				LastUpgradeCheck = 1230;
				TargetAttributes = {
					6536570825B952330018EFFF = {
						CreatedOnToolsVersion = 12.3;
					};
					6536571925B952390018EFFF = {
						CreatedOnToolsVersion = 12.3;
						TestTargetID = 6536570825B952330018EFFF;
					};
					6536572425B952390018EFFF = {
						CreatedOnToolsVersion = 12.3;
						TestTargetID = 6536570825B952330018EFFF;
					};
				};
			};
			buildConfigurationList = 6536570425B952330018EFFF /* Build configuration list for PBXProject "tak" */;
			compatibilityVersion = "Xcode 9.3";
			developmentRegion = en;
			hasScannedForEncodings = 0;
			knownRegions = (
				en,
				Base,
			);
			mainGroup = 6536570025B952330018EFFF;
			productRefGroup = 6536570A25B952330018EFFF /* Products */;
			projectDirPath = "";
			projectRoot = "";
			targets = (
				6536570825B952330018EFFF /* tak */,
				6536571925B952390018EFFF /* takTests */,
				6536572425B952390018EFFF /* takUITests */,
			);
		};
/* End PBXProject section */

/* Begin PBXResourcesBuildPhase section */
		6536570725B952330018EFFF /* Resources */ = {
			isa = PBXResourcesBuildPhase;
			buildActionMask = 2147483647;
			files = (
				6536571425B952380018EFFF /* Preview Assets.xcassets in Resources */,
				6536571125B952380018EFFF /* Assets.xcassets in Resources */,
			);
			runOnlyForDeploymentPostprocessing = 0;
		};
		6536571825B952390018EFFF /* Resources */ = {
			isa = PBXResourcesBuildPhase;
			buildActionMask = 2147483647;
			files = (
			);
			runOnlyForDeploymentPostprocessing = 0;
		};
		6536572325B952390018EFFF /* Resources */ = {
			isa = PBXResourcesBuildPhase;
			buildActionMask = 2147483647;
			files = (
			);
			runOnlyForDeploymentPostprocessing = 0;
		};
/* End PBXResourcesBuildPhase section */

/* Begin PBXSourcesBuildPhase section */
		6536570525B952330018EFFF /* Sources */ = {
			isa = PBXSourcesBuildPhase;
			buildActionMask = 2147483647;
			files = (
				6536570F25B952330018EFFF /* ContentView.swift in Sources */,
				6536570D25B952330018EFFF /* takApp.swift in Sources */,
			);
			runOnlyForDeploymentPostprocessing = 0;
		};
		6536571625B952390018EFFF /* Sources */ = {
			isa = PBXSourcesBuildPhase;
			buildActionMask = 2147483647;
			files = (
				6536571F25B952390018EFFF /* takTests.swift in Sources */,
			);
			runOnlyForDeploymentPostprocessing = 0;
		};
		6536572125B952390018EFFF /* Sources */ = {
			isa = PBXSourcesBuildPhase;
			buildActionMask = 2147483647;
			files = (
				6536572A25B952390018EFFF /* takUITests.swift in Sources */,
			);
			runOnlyForDeploymentPostprocessing = 0;
		};
/* End PBXSourcesBuildPhase section */

/* Begin PBXTargetDependency section */
		6536571C25B952390018EFFF /* PBXTargetDependency */ = {
			isa = PBXTargetDependency;
			target = 6536570825B952330018EFFF /* tak */;
			targetProxy = 6536571B25B952390018EFFF /* PBXContainerItemProxy */;
		};
		6536572725B952390018EFFF /* PBXTargetDependency */ = {
			isa = PBXTargetDependency;
			target = 6536570825B952330018EFFF /* tak */;
			targetProxy = 6536572625B952390018EFFF /* PBXContainerItemProxy */;
		};
/* End PBXTargetDependency section */

/* Begin XCBuildConfiguration section */
		6536572C25B952390018EFFF /* Debug */ = {
			isa = XCBuildConfiguration;
			buildSettings = {
				ALWAYS_SEARCH_USER_PATHS = NO;
				CLANG_ANALYZER_NONNULL = YES;
				CLANG_ANALYZER_NUMBER_OBJECT_CONVERSION = YES_AGGRESSIVE;
				CLANG_CXX_LANGUAGE_STANDARD = "gnu++14";
				CLANG_CXX_LIBRARY = "libc++";
				CLANG_ENABLE_MODULES = YES;
				CLANG_ENABLE_OBJC_ARC = YES;
				CLANG_ENABLE_OBJC_WEAK = YES;
				CLANG_WARN_BLOCK_CAPTURE_AUTORELEASING = YES;
				CLANG_WARN_BOOL_CONVERSION = YES;
				CLANG_WARN_COMMA = YES;
				CLANG_WARN_CONSTANT_CONVERSION = YES;
				CLANG_WARN_DEPRECATED_OBJC_IMPLEMENTATIONS = YES;
				CLANG_WARN_DIRECT_OBJC_ISA_USAGE = YES_ERROR;
				CLANG_WARN_DOCUMENTATION_COMMENTS = YES;
				CLANG_WARN_EMPTY_BODY = YES;
				CLANG_WARN_ENUM_CONVERSION = YES;
				CLANG_WARN_INFINITE_RECURSION = YES;
				CLANG_WARN_INT_CONVERSION = YES;
				CLANG_WARN_NON_LITERAL_NULL_CONVERSION = YES;
				CLANG_WARN_OBJC_IMPLICIT_RETAIN_SELF = YES;
				CLANG_WARN_OBJC_LITERAL_CONVERSION = YES;
				CLANG_WARN_OBJC_ROOT_CLASS = YES_ERROR;
				CLANG_WARN_QUOTED_INCLUDE_IN_FRAMEWORK_HEADER = YES;
				CLANG_WARN_RANGE_LOOP_ANALYSIS = YES;
				CLANG_WARN_STRICT_PROTOTYPES = YES;
				CLANG_WARN_SUSPICIOUS_MOVE = YES;
				CLANG_WARN_UNGUARDED_AVAILABILITY = YES_AGGRESSIVE;
				CLANG_WARN_UNREACHABLE_CODE = YES;
				CLANG_WARN__DUPLICATE_METHOD_MATCH = YES;
				COPY_PHASE_STRIP = NO;
				DEBUG_INFORMATION_FORMAT = dwarf;
				ENABLE_STRICT_OBJC_MSGSEND = YES;
				ENABLE_TESTABILITY = YES;
				GCC_C_LANGUAGE_STANDARD = gnu11;
				GCC_DYNAMIC_NO_PIC = NO;
				GCC_NO_COMMON_BLOCKS = YES;
				GCC_OPTIMIZATION_LEVEL = 0;
				GCC_PREPROCESSOR_DEFINITIONS = (
					"DEBUG=1",
					"$(inherited)",
				);
				GCC_WARN_64_TO_32_BIT_CONVERSION = YES;
				GCC_WARN_ABOUT_RETURN_TYPE = YES_ERROR;
				GCC_WARN_UNDECLARED_SELECTOR = YES;
				GCC_WARN_UNINITIALIZED_AUTOS = YES_AGGRESSIVE;
				GCC_WARN_UNUSED_FUNCTION = YES;
				GCC_WARN_UNUSED_VARIABLE = YES;
				IPHONEOS_DEPLOYMENT_TARGET = 14.3;
				MTL_ENABLE_DEBUG_INFO = INCLUDE_SOURCE;
				MTL_FAST_MATH = YES;
				ONLY_ACTIVE_ARCH = YES;
				SDKROOT = iphoneos;
				SWIFT_ACTIVE_COMPILATION_CONDITIONS = DEBUG;
				SWIFT_OPTIMIZATION_LEVEL = "-Onone";
			};
			name = Debug;
		};
		6536572D25B952390018EFFF /* Release */ = {
			isa = XCBuildConfiguration;
			buildSettings = {
				ALWAYS_SEARCH_USER_PATHS = NO;
				CLANG_ANALYZER_NONNULL = YES;
				CLANG_ANALYZER_NUMBER_OBJECT_CONVERSION = YES_AGGRESSIVE;
				CLANG_CXX_LANGUAGE_STANDARD = "gnu++14";
				CLANG_CXX_LIBRARY = "libc++";
				CLANG_ENABLE_MODULES = YES;
				CLANG_ENABLE_OBJC_ARC = YES;
				CLANG_ENABLE_OBJC_WEAK = YES;
				CLANG_WARN_BLOCK_CAPTURE_AUTORELEASING = YES;
				CLANG_WARN_BOOL_CONVERSION = YES;
				CLANG_WARN_COMMA = YES;
				CLANG_WARN_CONSTANT_CONVERSION = YES;
				CLANG_WARN_DEPRECATED_OBJC_IMPLEMENTATIONS = YES;
				CLANG_WARN_DIRECT_OBJC_ISA_USAGE = YES_ERROR;
				CLANG_WARN_DOCUMENTATION_COMMENTS = YES;
				CLANG_WARN_EMPTY_BODY = YES;
				CLANG_WARN_ENUM_CONVERSION = YES;
				CLANG_WARN_INFINITE_RECURSION = YES;
				CLANG_WARN_INT_CONVERSION = YES;
				CLANG_WARN_NON_LITERAL_NULL_CONVERSION = YES;
				CLANG_WARN_OBJC_IMPLICIT_RETAIN_SELF = YES;
				CLANG_WARN_OBJC_LITERAL_CONVERSION = YES;
				CLANG_WARN_OBJC_ROOT_CLASS = YES_ERROR;
				CLANG_WARN_QUOTED_INCLUDE_IN_FRAMEWORK_HEADER = YES;
				CLANG_WARN_RANGE_LOOP_ANALYSIS = YES;
				CLANG_WARN_STRICT_PROTOTYPES = YES;
				CLANG_WARN_SUSPICIOUS_MOVE = YES;
				CLANG_WARN_UNGUARDED_AVAILABILITY = YES_AGGRESSIVE;
				CLANG_WARN_UNREACHABLE_CODE = YES;
				CLANG_WARN__DUPLICATE_METHOD_MATCH = YES;
				COPY_PHASE_STRIP = NO;
				DEBUG_INFORMATION_FORMAT = "dwarf-with-dsym";
				ENABLE_NS_ASSERTIONS = NO;
				ENABLE_STRICT_OBJC_MSGSEND = YES;
				GCC_C_LANGUAGE_STANDARD = gnu11;
				GCC_NO_COMMON_BLOCKS = YES;
				GCC_WARN_64_TO_32_BIT_CONVERSION = YES;
				GCC_WARN_ABOUT_RETURN_TYPE = YES_ERROR;
				GCC_WARN_UNDECLARED_SELECTOR = YES;
				GCC_WARN_UNINITIALIZED_AUTOS = YES_AGGRESSIVE;
				GCC_WARN_UNUSED_FUNCTION = YES;
				GCC_WARN_UNUSED_VARIABLE = YES;
				IPHONEOS_DEPLOYMENT_TARGET = 14.3;
				MTL_ENABLE_DEBUG_INFO = NO;
				MTL_FAST_MATH = YES;
				SDKROOT = iphoneos;
				SWIFT_COMPILATION_MODE = wholemodule;
				SWIFT_OPTIMIZATION_LEVEL = "-O";
				VALIDATE_PRODUCT = YES;
			};
			name = Release;
		};
		6536572F25B952390018EFFF /* Debug */ = {
			isa = XCBuildConfiguration;
			buildSettings = {
				ASSETCATALOG_COMPILER_APPICON_NAME = AppIcon;
				ASSETCATALOG_COMPILER_GLOBAL_ACCENT_COLOR_NAME = AccentColor;
				CODE_SIGN_STYLE = Automatic;
				DEVELOPMENT_ASSET_PATHS = "\"tak/Preview Content\"";
				DEVELOPMENT_TEAM = 2UF58G89H3;
				ENABLE_PREVIEWS = YES;
				INFOPLIST_FILE = tak/Info.plist;
				IPHONEOS_DEPLOYMENT_TARGET = 14.0;
				LD_RUNPATH_SEARCH_PATHS = (
					"$(inherited)",
					"@executable_path/Frameworks",
				);
				PRODUCT_BUNDLE_IDENTIFIER = com.XAMAX.tak;
				PRODUCT_NAME = "$(TARGET_NAME)";
				SWIFT_VERSION = 5.0;
				TARGETED_DEVICE_FAMILY = "1,2";
			};
			name = Debug;
		};
		6536573025B952390018EFFF /* Release */ = {
			isa = XCBuildConfiguration;
			buildSettings = {
				ASSETCATALOG_COMPILER_APPICON_NAME = AppIcon;
				ASSETCATALOG_COMPILER_GLOBAL_ACCENT_COLOR_NAME = AccentColor;
				CODE_SIGN_STYLE = Automatic;
				DEVELOPMENT_ASSET_PATHS = "\"tak/Preview Content\"";
				DEVELOPMENT_TEAM = 2UF58G89H3;
				ENABLE_PREVIEWS = YES;
				INFOPLIST_FILE = tak/Info.plist;
				IPHONEOS_DEPLOYMENT_TARGET = 14.0;
				LD_RUNPATH_SEARCH_PATHS = (
					"$(inherited)",
					"@executable_path/Frameworks",
				);
				PRODUCT_BUNDLE_IDENTIFIER = com.XAMAX.tak;
				PRODUCT_NAME = "$(TARGET_NAME)";
				SWIFT_VERSION = 5.0;
				TARGETED_DEVICE_FAMILY = "1,2";
			};
			name = Release;
		};
		6536573225B952390018EFFF /* Debug */ = {
			isa = XCBuildConfiguration;
			buildSettings = {
				ALWAYS_EMBED_SWIFT_STANDARD_LIBRARIES = YES;
				BUNDLE_LOADER = "$(TEST_HOST)";
				CODE_SIGN_STYLE = Automatic;
				DEVELOPMENT_TEAM = 2UF58G89H3;
				INFOPLIST_FILE = takTests/Info.plist;
				IPHONEOS_DEPLOYMENT_TARGET = 14.0;
				LD_RUNPATH_SEARCH_PATHS = (
					"$(inherited)",
					"@executable_path/Frameworks",
					"@loader_path/Frameworks",
				);
				PRODUCT_BUNDLE_IDENTIFIER = com.XAMAX.takTests;
				PRODUCT_NAME = "$(TARGET_NAME)";
				SWIFT_VERSION = 5.0;
				TARGETED_DEVICE_FAMILY = "1,2";
				TEST_HOST = "$(BUILT_PRODUCTS_DIR)/tak.app/tak";
			};
			name = Debug;
		};
		6536573325B952390018EFFF /* Release */ = {
			isa = XCBuildConfiguration;
			buildSettings = {
				ALWAYS_EMBED_SWIFT_STANDARD_LIBRARIES = YES;
				BUNDLE_LOADER = "$(TEST_HOST)";
				CODE_SIGN_STYLE = Automatic;
				DEVELOPMENT_TEAM = 2UF58G89H3;
				INFOPLIST_FILE = takTests/Info.plist;
				IPHONEOS_DEPLOYMENT_TARGET = 14.0;
				LD_RUNPATH_SEARCH_PATHS = (
					"$(inherited)",
					"@executable_path/Frameworks",
					"@loader_path/Frameworks",
				);
				PRODUCT_BUNDLE_IDENTIFIER = com.XAMAX.takTests;
				PRODUCT_NAME = "$(TARGET_NAME)";
				SWIFT_VERSION = 5.0;
				TARGETED_DEVICE_FAMILY = "1,2";
				TEST_HOST = "$(BUILT_PRODUCTS_DIR)/tak.app/tak";
			};
			name = Release;
		};
		6536573525B952390018EFFF /* Debug */ = {
			isa = XCBuildConfiguration;
			buildSettings = {
				ALWAYS_EMBED_SWIFT_STANDARD_LIBRARIES = YES;
				CODE_SIGN_STYLE = Automatic;
				DEVELOPMENT_TEAM = 2UF58G89H3;
				INFOPLIST_FILE = takUITests/Info.plist;
				LD_RUNPATH_SEARCH_PATHS = (
					"$(inherited)",
					"@executable_path/Frameworks",
					"@loader_path/Frameworks",
				);
				PRODUCT_BUNDLE_IDENTIFIER = com.XAMAX.takUITests;
				PRODUCT_NAME = "$(TARGET_NAME)";
				SWIFT_VERSION = 5.0;
				TARGETED_DEVICE_FAMILY = "1,2";
				TEST_TARGET_NAME = tak;
			};
			name = Debug;
		};
		6536573625B952390018EFFF /* Release */ = {
			isa = XCBuildConfiguration;
			buildSettings = {
				ALWAYS_EMBED_SWIFT_STANDARD_LIBRARIES = YES;
				CODE_SIGN_STYLE = Automatic;
				DEVELOPMENT_TEAM = 2UF58G89H3;
				INFOPLIST_FILE = takUITests/Info.plist;
				LD_RUNPATH_SEARCH_PATHS = (
					"$(inherited)",
					"@executable_path/Frameworks",
					"@loader_path/Frameworks",
				);
				PRODUCT_BUNDLE_IDENTIFIER = com.XAMAX.takUITests;
				PRODUCT_NAME = "$(TARGET_NAME)";
				SWIFT_VERSION = 5.0;
				TARGETED_DEVICE_FAMILY = "1,2";
				TEST_TARGET_NAME = tak;
			};
			name = Release;
		};
/* End XCBuildConfiguration section */

/* Begin XCConfigurationList section */
		6536570425B952330018EFFF /* Build configuration list for PBXProject "tak" */ = {
			isa = XCConfigurationList;
			buildConfigurations = (
				6536572C25B952390018EFFF /* Debug */,
				6536572D25B952390018EFFF /* Release */,
			);
			defaultConfigurationIsVisible = 0;
			defaultConfigurationName = Release;
		};
		6536572E25B952390018EFFF /* Build configuration list for PBXNativeTarget "tak" */ = {
			isa = XCConfigurationList;
			buildConfigurations = (
				6536572F25B952390018EFFF /* Debug */,
				6536573025B952390018EFFF /* Release */,
			);
			defaultConfigurationIsVisible = 0;
			defaultConfigurationName = Release;
		};
		6536573125B952390018EFFF /* Build configuration list for PBXNativeTarget "takTests" */ = {
			isa = XCConfigurationList;
			buildConfigurations = (
				6536573225B952390018EFFF /* Debug */,
				6536573325B952390018EFFF /* Release */,
			);
			defaultConfigurationIsVisible = 0;
			defaultConfigurationName = Release;
		};
		6536573425B952390018EFFF /* Build configuration list for PBXNativeTarget "takUITests" */ = {
			isa = XCConfigurationList;
			buildConfigurations = (
				6536573525B952390018EFFF /* Debug */,
				6536573625B952390018EFFF /* Release */,
			);
			defaultConfigurationIsVisible = 0;
			defaultConfigurationName = Release;
		};
/* End XCConfigurationList section */
	};
	rootObject = 6536570125B952330018EFFF /* Project object */;
}
