// !$*UTF8*$!
{
	archiveVersion = 1;
	classes = {
	};
	objectVersion = 50;
	objects = {

/* Begin PBXBuildFile section */
		652F600625D3C26000D3EC66 /* Lesson6App.swift in Sources */ = {isa = PBXBuildFile; fileRef = 652F600525D3C26000D3EC66 /* Lesson6App.swift */; };
		652F600825D3C26000D3EC66 /* ContentView.swift in Sources */ = {isa = PBXBuildFile; fileRef = 652F600725D3C26000D3EC66 /* ContentView.swift */; };
		652F600A25D3C26400D3EC66 /* Assets.xcassets in Resources */ = {isa = PBXBuildFile; fileRef = 652F600925D3C26400D3EC66 /* Assets.xcassets */; };
		652F600D25D3C26400D3EC66 /* Preview Assets.xcassets in Resources */ = {isa = PBXBuildFile; fileRef = 652F600C25D3C26400D3EC66 /* Preview Assets.xcassets */; };
		652F601825D3C26400D3EC66 /* Lesson6Tests.swift in Sources */ = {isa = PBXBuildFile; fileRef = 652F601725D3C26400D3EC66 /* Lesson6Tests.swift */; };
		652F602325D3C26500D3EC66 /* Lesson6UITests.swift in Sources */ = {isa = PBXBuildFile; fileRef = 652F602225D3C26500D3EC66 /* Lesson6UITests.swift */; };
/* End PBXBuildFile section */

/* Begin PBXContainerItemProxy section */
		652F601425D3C26400D3EC66 /* PBXContainerItemProxy */ = {
			isa = PBXContainerItemProxy;
			containerPortal = 652F5FFA25D3C26000D3EC66 /* Project object */;
			proxyType = 1;
			remoteGlobalIDString = 652F600125D3C26000D3EC66;
			remoteInfo = Lesson6;
		};
		652F601F25D3C26500D3EC66 /* PBXContainerItemProxy */ = {
			isa = PBXContainerItemProxy;
			containerPortal = 652F5FFA25D3C26000D3EC66 /* Project object */;
			proxyType = 1;
			remoteGlobalIDString = 652F600125D3C26000D3EC66;
			remoteInfo = Lesson6;
		};
/* End PBXContainerItemProxy section */

/* Begin PBXFileReference section */
		652F600225D3C26000D3EC66 /* Lesson6.app */ = {isa = PBXFileReference; explicitFileType = wrapper.application; includeInIndex = 0; path = Lesson6.app; sourceTree = BUILT_PRODUCTS_DIR; };
		652F600525D3C26000D3EC66 /* Lesson6App.swift */ = {isa = PBXFileReference; lastKnownFileType = sourcecode.swift; path = Lesson6App.swift; sourceTree = "<group>"; };
		652F600725D3C26000D3EC66 /* ContentView.swift */ = {isa = PBXFileReference; lastKnownFileType = sourcecode.swift; path = ContentView.swift; sourceTree = "<group>"; };
		652F600925D3C26400D3EC66 /* Assets.xcassets */ = {isa = PBXFileReference; lastKnownFileType = folder.assetcatalog; path = Assets.xcassets; sourceTree = "<group>"; };
		652F600C25D3C26400D3EC66 /* Preview Assets.xcassets */ = {isa = PBXFileReference; lastKnownFileType = folder.assetcatalog; path = "Preview Assets.xcassets"; sourceTree = "<group>"; };
		652F600E25D3C26400D3EC66 /* Info.plist */ = {isa = PBXFileReference; lastKnownFileType = text.plist.xml; path = Info.plist; sourceTree = "<group>"; };
		652F601325D3C26400D3EC66 /* Lesson6Tests.xctest */ = {isa = PBXFileReference; explicitFileType = wrapper.cfbundle; includeInIndex = 0; path = Lesson6Tests.xctest; sourceTree = BUILT_PRODUCTS_DIR; };
		652F601725D3C26400D3EC66 /* Lesson6Tests.swift */ = {isa = PBXFileReference; lastKnownFileType = sourcecode.swift; path = Lesson6Tests.swift; sourceTree = "<group>"; };
		652F601925D3C26500D3EC66 /* Info.plist */ = {isa = PBXFileReference; lastKnownFileType = text.plist.xml; path = Info.plist; sourceTree = "<group>"; };
		652F601E25D3C26500D3EC66 /* Lesson6UITests.xctest */ = {isa = PBXFileReference; explicitFileType = wrapper.cfbundle; includeInIndex = 0; path = Lesson6UITests.xctest; sourceTree = BUILT_PRODUCTS_DIR; };
		652F602225D3C26500D3EC66 /* Lesson6UITests.swift */ = {isa = PBXFileReference; lastKnownFileType = sourcecode.swift; path = Lesson6UITests.swift; sourceTree = "<group>"; };
		652F602425D3C26500D3EC66 /* Info.plist */ = {isa = PBXFileReference; lastKnownFileType = text.plist.xml; path = Info.plist; sourceTree = "<group>"; };
/* End PBXFileReference section */

/* Begin PBXFrameworksBuildPhase section */
		652F5FFF25D3C26000D3EC66 /* Frameworks */ = {
			isa = PBXFrameworksBuildPhase;
			buildActionMask = 2147483647;
			files = (
			);
			runOnlyForDeploymentPostprocessing = 0;
		};
		652F601025D3C26400D3EC66 /* Frameworks */ = {
			isa = PBXFrameworksBuildPhase;
			buildActionMask = 2147483647;
			files = (
			);
			runOnlyForDeploymentPostprocessing = 0;
		};
		652F601B25D3C26500D3EC66 /* Frameworks */ = {
			isa = PBXFrameworksBuildPhase;
			buildActionMask = 2147483647;
			files = (
			);
			runOnlyForDeploymentPostprocessing = 0;
		};
/* End PBXFrameworksBuildPhase section */

/* Begin PBXGroup section */
		652F5FF925D3C25F00D3EC66 = {
			isa = PBXGroup;
			children = (
				652F600425D3C26000D3EC66 /* Lesson6 */,
				652F601625D3C26400D3EC66 /* Lesson6Tests */,
				652F602125D3C26500D3EC66 /* Lesson6UITests */,
				652F600325D3C26000D3EC66 /* Products */,
			);
			sourceTree = "<group>";
		};
		652F600325D3C26000D3EC66 /* Products */ = {
			isa = PBXGroup;
			children = (
				652F600225D3C26000D3EC66 /* Lesson6.app */,
				652F601325D3C26400D3EC66 /* Lesson6Tests.xctest */,
				652F601E25D3C26500D3EC66 /* Lesson6UITests.xctest */,
			);
			name = Products;
			sourceTree = "<group>";
		};
		652F600425D3C26000D3EC66 /* Lesson6 */ = {
			isa = PBXGroup;
			children = (
				652F600525D3C26000D3EC66 /* Lesson6App.swift */,
				652F600725D3C26000D3EC66 /* ContentView.swift */,
				652F600925D3C26400D3EC66 /* Assets.xcassets */,
				652F600E25D3C26400D3EC66 /* Info.plist */,
				652F600B25D3C26400D3EC66 /* Preview Content */,
			);
			path = Lesson6;
			sourceTree = "<group>";
		};
		652F600B25D3C26400D3EC66 /* Preview Content */ = {
			isa = PBXGroup;
			children = (
				652F600C25D3C26400D3EC66 /* Preview Assets.xcassets */,
			);
			path = "Preview Content";
			sourceTree = "<group>";
		};
		652F601625D3C26400D3EC66 /* Lesson6Tests */ = {
			isa = PBXGroup;
			children = (
				652F601725D3C26400D3EC66 /* Lesson6Tests.swift */,
				652F601925D3C26500D3EC66 /* Info.plist */,
			);
			path = Lesson6Tests;
			sourceTree = "<group>";
		};
		652F602125D3C26500D3EC66 /* Lesson6UITests */ = {
			isa = PBXGroup;
			children = (
				652F602225D3C26500D3EC66 /* Lesson6UITests.swift */,
				652F602425D3C26500D3EC66 /* Info.plist */,
			);
			path = Lesson6UITests;
			sourceTree = "<group>";
		};
/* End PBXGroup section */

/* Begin PBXNativeTarget section */
		652F600125D3C26000D3EC66 /* Lesson6 */ = {
			isa = PBXNativeTarget;
			buildConfigurationList = 652F602725D3C26500D3EC66 /* Build configuration list for PBXNativeTarget "Lesson6" */;
			buildPhases = (
				652F5FFE25D3C26000D3EC66 /* Sources */,
				652F5FFF25D3C26000D3EC66 /* Frameworks */,
				652F600025D3C26000D3EC66 /* Resources */,
			);
			buildRules = (
			);
			dependencies = (
			);
			name = Lesson6;
			productName = Lesson6;
			productReference = 652F600225D3C26000D3EC66 /* Lesson6.app */;
			productType = "com.apple.product-type.application";
		};
		652F601225D3C26400D3EC66 /* Lesson6Tests */ = {
			isa = PBXNativeTarget;
			buildConfigurationList = 652F602A25D3C26500D3EC66 /* Build configuration list for PBXNativeTarget "Lesson6Tests" */;
			buildPhases = (
				652F600F25D3C26400D3EC66 /* Sources */,
				652F601025D3C26400D3EC66 /* Frameworks */,
				652F601125D3C26400D3EC66 /* Resources */,
			);
			buildRules = (
			);
			dependencies = (
				652F601525D3C26400D3EC66 /* PBXTargetDependency */,
			);
			name = Lesson6Tests;
			productName = Lesson6Tests;
			productReference = 652F601325D3C26400D3EC66 /* Lesson6Tests.xctest */;
			productType = "com.apple.product-type.bundle.unit-test";
		};
		652F601D25D3C26500D3EC66 /* Lesson6UITests */ = {
			isa = PBXNativeTarget;
			buildConfigurationList = 652F602D25D3C26500D3EC66 /* Build configuration list for PBXNativeTarget "Lesson6UITests" */;
			buildPhases = (
				652F601A25D3C26500D3EC66 /* Sources */,
				652F601B25D3C26500D3EC66 /* Frameworks */,
				652F601C25D3C26500D3EC66 /* Resources */,
			);
			buildRules = (
			);
			dependencies = (
				652F602025D3C26500D3EC66 /* PBXTargetDependency */,
			);
			name = Lesson6UITests;
			productName = Lesson6UITests;
			productReference = 652F601E25D3C26500D3EC66 /* Lesson6UITests.xctest */;
			productType = "com.apple.product-type.bundle.ui-testing";
		};
/* End PBXNativeTarget section */

/* Begin PBXProject section */
		652F5FFA25D3C26000D3EC66 /* Project object */ = {
			isa = PBXProject;
			attributes = {
				LastSwiftUpdateCheck = 1230;
				LastUpgradeCheck = 1230;
				TargetAttributes = {
					652F600125D3C26000D3EC66 = {
						CreatedOnToolsVersion = 12.3;
					};
					652F601225D3C26400D3EC66 = {
						CreatedOnToolsVersion = 12.3;
						TestTargetID = 652F600125D3C26000D3EC66;
					};
					652F601D25D3C26500D3EC66 = {
						CreatedOnToolsVersion = 12.3;
						TestTargetID = 652F600125D3C26000D3EC66;
					};
				};
			};
			buildConfigurationList = 652F5FFD25D3C26000D3EC66 /* Build configuration list for PBXProject "Lesson6" */;
			compatibilityVersion = "Xcode 9.3";
			developmentRegion = en;
			hasScannedForEncodings = 0;
			knownRegions = (
				en,
				Base,
			);
			mainGroup = 652F5FF925D3C25F00D3EC66;
			productRefGroup = 652F600325D3C26000D3EC66 /* Products */;
			projectDirPath = "";
			projectRoot = "";
			targets = (
				652F600125D3C26000D3EC66 /* Lesson6 */,
				652F601225D3C26400D3EC66 /* Lesson6Tests */,
				652F601D25D3C26500D3EC66 /* Lesson6UITests */,
			);
		};
/* End PBXProject section */

/* Begin PBXResourcesBuildPhase section */
		652F600025D3C26000D3EC66 /* Resources */ = {
			isa = PBXResourcesBuildPhase;
			buildActionMask = 2147483647;
			files = (
				652F600D25D3C26400D3EC66 /* Preview Assets.xcassets in Resources */,
				652F600A25D3C26400D3EC66 /* Assets.xcassets in Resources */,
			);
			runOnlyForDeploymentPostprocessing = 0;
		};
		652F601125D3C26400D3EC66 /* Resources */ = {
			isa = PBXResourcesBuildPhase;
			buildActionMask = 2147483647;
			files = (
			);
			runOnlyForDeploymentPostprocessing = 0;
		};
		652F601C25D3C26500D3EC66 /* Resources */ = {
			isa = PBXResourcesBuildPhase;
			buildActionMask = 2147483647;
			files = (
			);
			runOnlyForDeploymentPostprocessing = 0;
		};
/* End PBXResourcesBuildPhase section */

/* Begin PBXSourcesBuildPhase section */
		652F5FFE25D3C26000D3EC66 /* Sources */ = {
			isa = PBXSourcesBuildPhase;
			buildActionMask = 2147483647;
			files = (
				652F600825D3C26000D3EC66 /* ContentView.swift in Sources */,
				652F600625D3C26000D3EC66 /* Lesson6App.swift in Sources */,
			);
			runOnlyForDeploymentPostprocessing = 0;
		};
		652F600F25D3C26400D3EC66 /* Sources */ = {
			isa = PBXSourcesBuildPhase;
			buildActionMask = 2147483647;
			files = (
				652F601825D3C26400D3EC66 /* Lesson6Tests.swift in Sources */,
			);
			runOnlyForDeploymentPostprocessing = 0;
		};
		652F601A25D3C26500D3EC66 /* Sources */ = {
			isa = PBXSourcesBuildPhase;
			buildActionMask = 2147483647;
			files = (
				652F602325D3C26500D3EC66 /* Lesson6UITests.swift in Sources */,
			);
			runOnlyForDeploymentPostprocessing = 0;
		};
/* End PBXSourcesBuildPhase section */

/* Begin PBXTargetDependency section */
		652F601525D3C26400D3EC66 /* PBXTargetDependency */ = {
			isa = PBXTargetDependency;
			target = 652F600125D3C26000D3EC66 /* Lesson6 */;
			targetProxy = 652F601425D3C26400D3EC66 /* PBXContainerItemProxy */;
		};
		652F602025D3C26500D3EC66 /* PBXTargetDependency */ = {
			isa = PBXTargetDependency;
			target = 652F600125D3C26000D3EC66 /* Lesson6 */;
			targetProxy = 652F601F25D3C26500D3EC66 /* PBXContainerItemProxy */;
		};
/* End PBXTargetDependency section */

/* Begin XCBuildConfiguration section */
		652F602525D3C26500D3EC66 /* Debug */ = {
			isa = XCBuildConfiguration;
			buildSettings = {
				ALWAYS_SEARCH_USER_PATHS = NO;
				CLANG_ANALYZER_NONNULL = YES;
				CLANG_ANALYZER_NUMBER_OBJECT_CONVERSION = YES_AGGRESSIVE;
				CLANG_CXX_LANGUAGE_STANDARD = "gnu++14";
				CLANG_CXX_LIBRARY = "libc++";
				CLANG_ENABLE_MODULES = YES;
				CLANG_ENABLE_OBJC_ARC = YES;
				CLANG_ENABLE_OBJC_WEAK = YES;
				CLANG_WARN_BLOCK_CAPTURE_AUTORELEASING = YES;
				CLANG_WARN_BOOL_CONVERSION = YES;
				CLANG_WARN_COMMA = YES;
				CLANG_WARN_CONSTANT_CONVERSION = YES;
				CLANG_WARN_DEPRECATED_OBJC_IMPLEMENTATIONS = YES;
				CLANG_WARN_DIRECT_OBJC_ISA_USAGE = YES_ERROR;
				CLANG_WARN_DOCUMENTATION_COMMENTS = YES;
				CLANG_WARN_EMPTY_BODY = YES;
				CLANG_WARN_ENUM_CONVERSION = YES;
				CLANG_WARN_INFINITE_RECURSION = YES;
				CLANG_WARN_INT_CONVERSION = YES;
				CLANG_WARN_NON_LITERAL_NULL_CONVERSION = YES;
				CLANG_WARN_OBJC_IMPLICIT_RETAIN_SELF = YES;
				CLANG_WARN_OBJC_LITERAL_CONVERSION = YES;
				CLANG_WARN_OBJC_ROOT_CLASS = YES_ERROR;
				CLANG_WARN_QUOTED_INCLUDE_IN_FRAMEWORK_HEADER = YES;
				CLANG_WARN_RANGE_LOOP_ANALYSIS = YES;
				CLANG_WARN_STRICT_PROTOTYPES = YES;
				CLANG_WARN_SUSPICIOUS_MOVE = YES;
				CLANG_WARN_UNGUARDED_AVAILABILITY = YES_AGGRESSIVE;
				CLANG_WARN_UNREACHABLE_CODE = YES;
				CLANG_WARN__DUPLICATE_METHOD_MATCH = YES;
				COPY_PHASE_STRIP = NO;
				DEBUG_INFORMATION_FORMAT = dwarf;
				ENABLE_STRICT_OBJC_MSGSEND = YES;
				ENABLE_TESTABILITY = YES;
				GCC_C_LANGUAGE_STANDARD = gnu11;
				GCC_DYNAMIC_NO_PIC = NO;
				GCC_NO_COMMON_BLOCKS = YES;
				GCC_OPTIMIZATION_LEVEL = 0;
				GCC_PREPROCESSOR_DEFINITIONS = (
					"DEBUG=1",
					"$(inherited)",
				);
				GCC_WARN_64_TO_32_BIT_CONVERSION = YES;
				GCC_WARN_ABOUT_RETURN_TYPE = YES_ERROR;
				GCC_WARN_UNDECLARED_SELECTOR = YES;
				GCC_WARN_UNINITIALIZED_AUTOS = YES_AGGRESSIVE;
				GCC_WARN_UNUSED_FUNCTION = YES;
				GCC_WARN_UNUSED_VARIABLE = YES;
				IPHONEOS_DEPLOYMENT_TARGET = 14.3;
				MTL_ENABLE_DEBUG_INFO = INCLUDE_SOURCE;
				MTL_FAST_MATH = YES;
				ONLY_ACTIVE_ARCH = YES;
				SDKROOT = iphoneos;
				SWIFT_ACTIVE_COMPILATION_CONDITIONS = DEBUG;
				SWIFT_OPTIMIZATION_LEVEL = "-Onone";
			};
			name = Debug;
		};
		652F602625D3C26500D3EC66 /* Release */ = {
			isa = XCBuildConfiguration;
			buildSettings = {
				ALWAYS_SEARCH_USER_PATHS = NO;
				CLANG_ANALYZER_NONNULL = YES;
				CLANG_ANALYZER_NUMBER_OBJECT_CONVERSION = YES_AGGRESSIVE;
				CLANG_CXX_LANGUAGE_STANDARD = "gnu++14";
				CLANG_CXX_LIBRARY = "libc++";
				CLANG_ENABLE_MODULES = YES;
				CLANG_ENABLE_OBJC_ARC = YES;
				CLANG_ENABLE_OBJC_WEAK = YES;
				CLANG_WARN_BLOCK_CAPTURE_AUTORELEASING = YES;
				CLANG_WARN_BOOL_CONVERSION = YES;
				CLANG_WARN_COMMA = YES;
				CLANG_WARN_CONSTANT_CONVERSION = YES;
				CLANG_WARN_DEPRECATED_OBJC_IMPLEMENTATIONS = YES;
				CLANG_WARN_DIRECT_OBJC_ISA_USAGE = YES_ERROR;
				CLANG_WARN_DOCUMENTATION_COMMENTS = YES;
				CLANG_WARN_EMPTY_BODY = YES;
				CLANG_WARN_ENUM_CONVERSION = YES;
				CLANG_WARN_INFINITE_RECURSION = YES;
				CLANG_WARN_INT_CONVERSION = YES;
				CLANG_WARN_NON_LITERAL_NULL_CONVERSION = YES;
				CLANG_WARN_OBJC_IMPLICIT_RETAIN_SELF = YES;
				CLANG_WARN_OBJC_LITERAL_CONVERSION = YES;
				CLANG_WARN_OBJC_ROOT_CLASS = YES_ERROR;
				CLANG_WARN_QUOTED_INCLUDE_IN_FRAMEWORK_HEADER = YES;
				CLANG_WARN_RANGE_LOOP_ANALYSIS = YES;
				CLANG_WARN_STRICT_PROTOTYPES = YES;
				CLANG_WARN_SUSPICIOUS_MOVE = YES;
				CLANG_WARN_UNGUARDED_AVAILABILITY = YES_AGGRESSIVE;
				CLANG_WARN_UNREACHABLE_CODE = YES;
				CLANG_WARN__DUPLICATE_METHOD_MATCH = YES;
				COPY_PHASE_STRIP = NO;
				DEBUG_INFORMATION_FORMAT = "dwarf-with-dsym";
				ENABLE_NS_ASSERTIONS = NO;
				ENABLE_STRICT_OBJC_MSGSEND = YES;
				GCC_C_LANGUAGE_STANDARD = gnu11;
				GCC_NO_COMMON_BLOCKS = YES;
				GCC_WARN_64_TO_32_BIT_CONVERSION = YES;
				GCC_WARN_ABOUT_RETURN_TYPE = YES_ERROR;
				GCC_WARN_UNDECLARED_SELECTOR = YES;
				GCC_WARN_UNINITIALIZED_AUTOS = YES_AGGRESSIVE;
				GCC_WARN_UNUSED_FUNCTION = YES;
				GCC_WARN_UNUSED_VARIABLE = YES;
				IPHONEOS_DEPLOYMENT_TARGET = 14.3;
				MTL_ENABLE_DEBUG_INFO = NO;
				MTL_FAST_MATH = YES;
				SDKROOT = iphoneos;
				SWIFT_COMPILATION_MODE = wholemodule;
				SWIFT_OPTIMIZATION_LEVEL = "-O";
				VALIDATE_PRODUCT = YES;
			};
			name = Release;
		};
		652F602825D3C26500D3EC66 /* Debug */ = {
			isa = XCBuildConfiguration;
			buildSettings = {
				ASSETCATALOG_COMPILER_APPICON_NAME = AppIcon;
				ASSETCATALOG_COMPILER_GLOBAL_ACCENT_COLOR_NAME = AccentColor;
				CODE_SIGN_STYLE = Automatic;
				DEVELOPMENT_ASSET_PATHS = "\"Lesson6/Preview Content\"";
				DEVELOPMENT_TEAM = 2UF58G89H3;
				ENABLE_PREVIEWS = YES;
				INFOPLIST_FILE = Lesson6/Info.plist;
				IPHONEOS_DEPLOYMENT_TARGET = 14.0;
				LD_RUNPATH_SEARCH_PATHS = (
					"$(inherited)",
					"@executable_path/Frameworks",
				);
				PRODUCT_BUNDLE_IDENTIFIER = com.XAMAX.Lesson6;
				PRODUCT_NAME = "$(TARGET_NAME)";
				SWIFT_VERSION = 5.0;
				TARGETED_DEVICE_FAMILY = "1,2";
			};
			name = Debug;
		};
		652F602925D3C26500D3EC66 /* Release */ = {
			isa = XCBuildConfiguration;
			buildSettings = {
				ASSETCATALOG_COMPILER_APPICON_NAME = AppIcon;
				ASSETCATALOG_COMPILER_GLOBAL_ACCENT_COLOR_NAME = AccentColor;
				CODE_SIGN_STYLE = Automatic;
				DEVELOPMENT_ASSET_PATHS = "\"Lesson6/Preview Content\"";
				DEVELOPMENT_TEAM = 2UF58G89H3;
				ENABLE_PREVIEWS = YES;
				INFOPLIST_FILE = Lesson6/Info.plist;
				IPHONEOS_DEPLOYMENT_TARGET = 14.0;
				LD_RUNPATH_SEARCH_PATHS = (
					"$(inherited)",
					"@executable_path/Frameworks",
				);
				PRODUCT_BUNDLE_IDENTIFIER = com.XAMAX.Lesson6;
				PRODUCT_NAME = "$(TARGET_NAME)";
				SWIFT_VERSION = 5.0;
				TARGETED_DEVICE_FAMILY = "1,2";
			};
			name = Release;
		};
		652F602B25D3C26500D3EC66 /* Debug */ = {
			isa = XCBuildConfiguration;
			buildSettings = {
				ALWAYS_EMBED_SWIFT_STANDARD_LIBRARIES = YES;
				BUNDLE_LOADER = "$(TEST_HOST)";
				CODE_SIGN_STYLE = Automatic;
				DEVELOPMENT_TEAM = 2UF58G89H3;
				INFOPLIST_FILE = Lesson6Tests/Info.plist;
				IPHONEOS_DEPLOYMENT_TARGET = 14.0;
				LD_RUNPATH_SEARCH_PATHS = (
					"$(inherited)",
					"@executable_path/Frameworks",
					"@loader_path/Frameworks",
				);
				PRODUCT_BUNDLE_IDENTIFIER = com.XAMAX.Lesson6Tests;
				PRODUCT_NAME = "$(TARGET_NAME)";
				SWIFT_VERSION = 5.0;
				TARGETED_DEVICE_FAMILY = "1,2";
				TEST_HOST = "$(BUILT_PRODUCTS_DIR)/Lesson6.app/Lesson6";
			};
			name = Debug;
		};
		652F602C25D3C26500D3EC66 /* Release */ = {
			isa = XCBuildConfiguration;
			buildSettings = {
				ALWAYS_EMBED_SWIFT_STANDARD_LIBRARIES = YES;
				BUNDLE_LOADER = "$(TEST_HOST)";
				CODE_SIGN_STYLE = Automatic;
				DEVELOPMENT_TEAM = 2UF58G89H3;
				INFOPLIST_FILE = Lesson6Tests/Info.plist;
				IPHONEOS_DEPLOYMENT_TARGET = 14.0;
				LD_RUNPATH_SEARCH_PATHS = (
					"$(inherited)",
					"@executable_path/Frameworks",
					"@loader_path/Frameworks",
				);
				PRODUCT_BUNDLE_IDENTIFIER = com.XAMAX.Lesson6Tests;
				PRODUCT_NAME = "$(TARGET_NAME)";
				SWIFT_VERSION = 5.0;
				TARGETED_DEVICE_FAMILY = "1,2";
				TEST_HOST = "$(BUILT_PRODUCTS_DIR)/Lesson6.app/Lesson6";
			};
			name = Release;
		};
		652F602E25D3C26500D3EC66 /* Debug */ = {
			isa = XCBuildConfiguration;
			buildSettings = {
				ALWAYS_EMBED_SWIFT_STANDARD_LIBRARIES = YES;
				CODE_SIGN_STYLE = Automatic;
				DEVELOPMENT_TEAM = 2UF58G89H3;
				INFOPLIST_FILE = Lesson6UITests/Info.plist;
				LD_RUNPATH_SEARCH_PATHS = (
					"$(inherited)",
					"@executable_path/Frameworks",
					"@loader_path/Frameworks",
				);
				PRODUCT_BUNDLE_IDENTIFIER = com.XAMAX.Lesson6UITests;
				PRODUCT_NAME = "$(TARGET_NAME)";
				SWIFT_VERSION = 5.0;
				TARGETED_DEVICE_FAMILY = "1,2";
				TEST_TARGET_NAME = Lesson6;
			};
			name = Debug;
		};
		652F602F25D3C26500D3EC66 /* Release */ = {
			isa = XCBuildConfiguration;
			buildSettings = {
				ALWAYS_EMBED_SWIFT_STANDARD_LIBRARIES = YES;
				CODE_SIGN_STYLE = Automatic;
				DEVELOPMENT_TEAM = 2UF58G89H3;
				INFOPLIST_FILE = Lesson6UITests/Info.plist;
				LD_RUNPATH_SEARCH_PATHS = (
					"$(inherited)",
					"@executable_path/Frameworks",
					"@loader_path/Frameworks",
				);
				PRODUCT_BUNDLE_IDENTIFIER = com.XAMAX.Lesson6UITests;
				PRODUCT_NAME = "$(TARGET_NAME)";
				SWIFT_VERSION = 5.0;
				TARGETED_DEVICE_FAMILY = "1,2";
				TEST_TARGET_NAME = Lesson6;
			};
			name = Release;
		};
/* End XCBuildConfiguration section */

/* Begin XCConfigurationList section */
		652F5FFD25D3C26000D3EC66 /* Build configuration list for PBXProject "Lesson6" */ = {
			isa = XCConfigurationList;
			buildConfigurations = (
				652F602525D3C26500D3EC66 /* Debug */,
				652F602625D3C26500D3EC66 /* Release */,
			);
			defaultConfigurationIsVisible = 0;
			defaultConfigurationName = Release;
		};
		652F602725D3C26500D3EC66 /* Build configuration list for PBXNativeTarget "Lesson6" */ = {
			isa = XCConfigurationList;
			buildConfigurations = (
				652F602825D3C26500D3EC66 /* Debug */,
				652F602925D3C26500D3EC66 /* Release */,
			);
			defaultConfigurationIsVisible = 0;
			defaultConfigurationName = Release;
		};
		652F602A25D3C26500D3EC66 /* Build configuration list for PBXNativeTarget "Lesson6Tests" */ = {
			isa = XCConfigurationList;
			buildConfigurations = (
				652F602B25D3C26500D3EC66 /* Debug */,
				652F602C25D3C26500D3EC66 /* Release */,
			);
			defaultConfigurationIsVisible = 0;
			defaultConfigurationName = Release;
		};
		652F602D25D3C26500D3EC66 /* Build configuration list for PBXNativeTarget "Lesson6UITests" */ = {
			isa = XCConfigurationList;
			buildConfigurations = (
				652F602E25D3C26500D3EC66 /* Debug */,
				652F602F25D3C26500D3EC66 /* Release */,
			);
			defaultConfigurationIsVisible = 0;
			defaultConfigurationName = Release;
		};
/* End XCConfigurationList section */
	};
	rootObject = 652F5FFA25D3C26000D3EC66 /* Project object */;
}
