// !$*UTF8*$!
{
	archiveVersion = 1;
	classes = {
	};
	objectVersion = 50;
	objects = {

/* Begin PBXBuildFile section */
		6598236225C3F4D700E294E5 /* Lesson5App.swift in Sources */ = {isa = PBXBuildFile; fileRef = 6598236125C3F4D700E294E5 /* Lesson5App.swift */; };
		6598236425C3F4D700E294E5 /* ContentView.swift in Sources */ = {isa = PBXBuildFile; fileRef = 6598236325C3F4D700E294E5 /* ContentView.swift */; };
		6598236625C3F4DC00E294E5 /* Assets.xcassets in Resources */ = {isa = PBXBuildFile; fileRef = 6598236525C3F4DC00E294E5 /* Assets.xcassets */; };
		6598236925C3F4DC00E294E5 /* Preview Assets.xcassets in Resources */ = {isa = PBXBuildFile; fileRef = 6598236825C3F4DC00E294E5 /* Preview Assets.xcassets */; };
		6598237425C3F4DC00E294E5 /* Lesson5Tests.swift in Sources */ = {isa = PBXBuildFile; fileRef = 6598237325C3F4DC00E294E5 /* Lesson5Tests.swift */; };
		6598237F25C3F4DD00E294E5 /* Lesson5UITests.swift in Sources */ = {isa = PBXBuildFile; fileRef = 6598237E25C3F4DD00E294E5 /* Lesson5UITests.swift */; };
		6598239025C3F4FD00E294E5 /* ActivityView.swift in Sources */ = {isa = PBXBuildFile; fileRef = 6598238F25C3F4FD00E294E5 /* ActivityView.swift */; };
/* End PBXBuildFile section */

/* Begin PBXContainerItemProxy section */
		6598237025C3F4DC00E294E5 /* PBXContainerItemProxy */ = {
			isa = PBXContainerItemProxy;
			containerPortal = 6598235625C3F4D700E294E5 /* Project object */;
			proxyType = 1;
			remoteGlobalIDString = 6598235D25C3F4D700E294E5;
			remoteInfo = Lesson5;
		};
		6598237B25C3F4DD00E294E5 /* PBXContainerItemProxy */ = {
			isa = PBXContainerItemProxy;
			containerPortal = 6598235625C3F4D700E294E5 /* Project object */;
			proxyType = 1;
			remoteGlobalIDString = 6598235D25C3F4D700E294E5;
			remoteInfo = Lesson5;
		};
/* End PBXContainerItemProxy section */

/* Begin PBXFileReference section */
		6598235E25C3F4D700E294E5 /* Lesson5.app */ = {isa = PBXFileReference; explicitFileType = wrapper.application; includeInIndex = 0; path = Lesson5.app; sourceTree = BUILT_PRODUCTS_DIR; };
		6598236125C3F4D700E294E5 /* Lesson5App.swift */ = {isa = PBXFileReference; lastKnownFileType = sourcecode.swift; path = Lesson5App.swift; sourceTree = "<group>"; };
		6598236325C3F4D700E294E5 /* ContentView.swift */ = {isa = PBXFileReference; lastKnownFileType = sourcecode.swift; path = ContentView.swift; sourceTree = "<group>"; };
		6598236525C3F4DC00E294E5 /* Assets.xcassets */ = {isa = PBXFileReference; lastKnownFileType = folder.assetcatalog; path = Assets.xcassets; sourceTree = "<group>"; };
		6598236825C3F4DC00E294E5 /* Preview Assets.xcassets */ = {isa = PBXFileReference; lastKnownFileType = folder.assetcatalog; path = "Preview Assets.xcassets"; sourceTree = "<group>"; };
		6598236A25C3F4DC00E294E5 /* Info.plist */ = {isa = PBXFileReference; lastKnownFileType = text.plist.xml; path = Info.plist; sourceTree = "<group>"; };
		6598236F25C3F4DC00E294E5 /* Lesson5Tests.xctest */ = {isa = PBXFileReference; explicitFileType = wrapper.cfbundle; includeInIndex = 0; path = Lesson5Tests.xctest; sourceTree = BUILT_PRODUCTS_DIR; };
		6598237325C3F4DC00E294E5 /* Lesson5Tests.swift */ = {isa = PBXFileReference; lastKnownFileType = sourcecode.swift; path = Lesson5Tests.swift; sourceTree = "<group>"; };
		6598237525C3F4DC00E294E5 /* Info.plist */ = {isa = PBXFileReference; lastKnownFileType = text.plist.xml; path = Info.plist; sourceTree = "<group>"; };
		6598237A25C3F4DC00E294E5 /* Lesson5UITests.xctest */ = {isa = PBXFileReference; explicitFileType = wrapper.cfbundle; includeInIndex = 0; path = Lesson5UITests.xctest; sourceTree = BUILT_PRODUCTS_DIR; };
		6598237E25C3F4DD00E294E5 /* Lesson5UITests.swift */ = {isa = PBXFileReference; lastKnownFileType = sourcecode.swift; path = Lesson5UITests.swift; sourceTree = "<group>"; };
		6598238025C3F4DD00E294E5 /* Info.plist */ = {isa = PBXFileReference; lastKnownFileType = text.plist.xml; path = Info.plist; sourceTree = "<group>"; };
		6598238F25C3F4FD00E294E5 /* ActivityView.swift */ = {isa = PBXFileReference; lastKnownFileType = sourcecode.swift; path = ActivityView.swift; sourceTree = "<group>"; };
/* End PBXFileReference section */

/* Begin PBXFrameworksBuildPhase section */
		6598235B25C3F4D700E294E5 /* Frameworks */ = {
			isa = PBXFrameworksBuildPhase;
			buildActionMask = 2147483647;
			files = (
			);
			runOnlyForDeploymentPostprocessing = 0;
		};
		6598236C25C3F4DC00E294E5 /* Frameworks */ = {
			isa = PBXFrameworksBuildPhase;
			buildActionMask = 2147483647;
			files = (
			);
			runOnlyForDeploymentPostprocessing = 0;
		};
		6598237725C3F4DC00E294E5 /* Frameworks */ = {
			isa = PBXFrameworksBuildPhase;
			buildActionMask = 2147483647;
			files = (
			);
			runOnlyForDeploymentPostprocessing = 0;
		};
/* End PBXFrameworksBuildPhase section */

/* Begin PBXGroup section */
		6598235525C3F4D700E294E5 = {
			isa = PBXGroup;
			children = (
				6598236025C3F4D700E294E5 /* Lesson5 */,
				6598237225C3F4DC00E294E5 /* Lesson5Tests */,
				6598237D25C3F4DD00E294E5 /* Lesson5UITests */,
				6598235F25C3F4D700E294E5 /* Products */,
			);
			sourceTree = "<group>";
		};
		6598235F25C3F4D700E294E5 /* Products */ = {
			isa = PBXGroup;
			children = (
				6598235E25C3F4D700E294E5 /* Lesson5.app */,
				6598236F25C3F4DC00E294E5 /* Lesson5Tests.xctest */,
				6598237A25C3F4DC00E294E5 /* Lesson5UITests.xctest */,
			);
			name = Products;
			sourceTree = "<group>";
		};
		6598236025C3F4D700E294E5 /* Lesson5 */ = {
			isa = PBXGroup;
			children = (
				6598236125C3F4D700E294E5 /* Lesson5App.swift */,
				6598236325C3F4D700E294E5 /* ContentView.swift */,
				6598238F25C3F4FD00E294E5 /* ActivityView.swift */,
				6598236525C3F4DC00E294E5 /* Assets.xcassets */,
				6598236A25C3F4DC00E294E5 /* Info.plist */,
				6598236725C3F4DC00E294E5 /* Preview Content */,
			);
			path = Lesson5;
			sourceTree = "<group>";
		};
		6598236725C3F4DC00E294E5 /* Preview Content */ = {
			isa = PBXGroup;
			children = (
				6598236825C3F4DC00E294E5 /* Preview Assets.xcassets */,
			);
			path = "Preview Content";
			sourceTree = "<group>";
		};
		6598237225C3F4DC00E294E5 /* Lesson5Tests */ = {
			isa = PBXGroup;
			children = (
				6598237325C3F4DC00E294E5 /* Lesson5Tests.swift */,
				6598237525C3F4DC00E294E5 /* Info.plist */,
			);
			path = Lesson5Tests;
			sourceTree = "<group>";
		};
		6598237D25C3F4DD00E294E5 /* Lesson5UITests */ = {
			isa = PBXGroup;
			children = (
				6598237E25C3F4DD00E294E5 /* Lesson5UITests.swift */,
				6598238025C3F4DD00E294E5 /* Info.plist */,
			);
			path = Lesson5UITests;
			sourceTree = "<group>";
		};
/* End PBXGroup section */

/* Begin PBXNativeTarget section */
		6598235D25C3F4D700E294E5 /* Lesson5 */ = {
			isa = PBXNativeTarget;
			buildConfigurationList = 6598238325C3F4DD00E294E5 /* Build configuration list for PBXNativeTarget "Lesson5" */;
			buildPhases = (
				6598235A25C3F4D700E294E5 /* Sources */,
				6598235B25C3F4D700E294E5 /* Frameworks */,
				6598235C25C3F4D700E294E5 /* Resources */,
			);
			buildRules = (
			);
			dependencies = (
			);
			name = Lesson5;
			productName = Lesson5;
			productReference = 6598235E25C3F4D700E294E5 /* Lesson5.app */;
			productType = "com.apple.product-type.application";
		};
		6598236E25C3F4DC00E294E5 /* Lesson5Tests */ = {
			isa = PBXNativeTarget;
			buildConfigurationList = 6598238625C3F4DD00E294E5 /* Build configuration list for PBXNativeTarget "Lesson5Tests" */;
			buildPhases = (
				6598236B25C3F4DC00E294E5 /* Sources */,
				6598236C25C3F4DC00E294E5 /* Frameworks */,
				6598236D25C3F4DC00E294E5 /* Resources */,
			);
			buildRules = (
			);
			dependencies = (
				6598237125C3F4DC00E294E5 /* PBXTargetDependency */,
			);
			name = Lesson5Tests;
			productName = Lesson5Tests;
			productReference = 6598236F25C3F4DC00E294E5 /* Lesson5Tests.xctest */;
			productType = "com.apple.product-type.bundle.unit-test";
		};
		6598237925C3F4DC00E294E5 /* Lesson5UITests */ = {
			isa = PBXNativeTarget;
			buildConfigurationList = 6598238925C3F4DD00E294E5 /* Build configuration list for PBXNativeTarget "Lesson5UITests" */;
			buildPhases = (
				6598237625C3F4DC00E294E5 /* Sources */,
				6598237725C3F4DC00E294E5 /* Frameworks */,
				6598237825C3F4DC00E294E5 /* Resources */,
			);
			buildRules = (
			);
			dependencies = (
				6598237C25C3F4DD00E294E5 /* PBXTargetDependency */,
			);
			name = Lesson5UITests;
			productName = Lesson5UITests;
			productReference = 6598237A25C3F4DC00E294E5 /* Lesson5UITests.xctest */;
			productType = "com.apple.product-type.bundle.ui-testing";
		};
/* End PBXNativeTarget section */

/* Begin PBXProject section */
		6598235625C3F4D700E294E5 /* Project object */ = {
			isa = PBXProject;
			attributes = {
				LastSwiftUpdateCheck = 1230;
				LastUpgradeCheck = 1230;
				TargetAttributes = {
					6598235D25C3F4D700E294E5 = {
						CreatedOnToolsVersion = 12.3;
					};
					6598236E25C3F4DC00E294E5 = {
						CreatedOnToolsVersion = 12.3;
						TestTargetID = 6598235D25C3F4D700E294E5;
					};
					6598237925C3F4DC00E294E5 = {
						CreatedOnToolsVersion = 12.3;
						TestTargetID = 6598235D25C3F4D700E294E5;
					};
				};
			};
			buildConfigurationList = 6598235925C3F4D700E294E5 /* Build configuration list for PBXProject "Lesson5" */;
			compatibilityVersion = "Xcode 9.3";
			developmentRegion = en;
			hasScannedForEncodings = 0;
			knownRegions = (
				en,
				Base,
			);
			mainGroup = 6598235525C3F4D700E294E5;
			productRefGroup = 6598235F25C3F4D700E294E5 /* Products */;
			projectDirPath = "";
			projectRoot = "";
			targets = (
				6598235D25C3F4D700E294E5 /* Lesson5 */,
				6598236E25C3F4DC00E294E5 /* Lesson5Tests */,
				6598237925C3F4DC00E294E5 /* Lesson5UITests */,
			);
		};
/* End PBXProject section */

/* Begin PBXResourcesBuildPhase section */
		6598235C25C3F4D700E294E5 /* Resources */ = {
			isa = PBXResourcesBuildPhase;
			buildActionMask = 2147483647;
			files = (
				6598236925C3F4DC00E294E5 /* Preview Assets.xcassets in Resources */,
				6598236625C3F4DC00E294E5 /* Assets.xcassets in Resources */,
			);
			runOnlyForDeploymentPostprocessing = 0;
		};
		6598236D25C3F4DC00E294E5 /* Resources */ = {
			isa = PBXResourcesBuildPhase;
			buildActionMask = 2147483647;
			files = (
			);
			runOnlyForDeploymentPostprocessing = 0;
		};
		6598237825C3F4DC00E294E5 /* Resources */ = {
			isa = PBXResourcesBuildPhase;
			buildActionMask = 2147483647;
			files = (
			);
			runOnlyForDeploymentPostprocessing = 0;
		};
/* End PBXResourcesBuildPhase section */

/* Begin PBXSourcesBuildPhase section */
		6598235A25C3F4D700E294E5 /* Sources */ = {
			isa = PBXSourcesBuildPhase;
			buildActionMask = 2147483647;
			files = (
				6598236425C3F4D700E294E5 /* ContentView.swift in Sources */,
				6598236225C3F4D700E294E5 /* Lesson5App.swift in Sources */,
				6598239025C3F4FD00E294E5 /* ActivityView.swift in Sources */,
			);
			runOnlyForDeploymentPostprocessing = 0;
		};
		6598236B25C3F4DC00E294E5 /* Sources */ = {
			isa = PBXSourcesBuildPhase;
			buildActionMask = 2147483647;
			files = (
				6598237425C3F4DC00E294E5 /* Lesson5Tests.swift in Sources */,
			);
			runOnlyForDeploymentPostprocessing = 0;
		};
		6598237625C3F4DC00E294E5 /* Sources */ = {
			isa = PBXSourcesBuildPhase;
			buildActionMask = 2147483647;
			files = (
				6598237F25C3F4DD00E294E5 /* Lesson5UITests.swift in Sources */,
			);
			runOnlyForDeploymentPostprocessing = 0;
		};
/* End PBXSourcesBuildPhase section */

/* Begin PBXTargetDependency section */
		6598237125C3F4DC00E294E5 /* PBXTargetDependency */ = {
			isa = PBXTargetDependency;
			target = 6598235D25C3F4D700E294E5 /* Lesson5 */;
			targetProxy = 6598237025C3F4DC00E294E5 /* PBXContainerItemProxy */;
		};
		6598237C25C3F4DD00E294E5 /* PBXTargetDependency */ = {
			isa = PBXTargetDependency;
			target = 6598235D25C3F4D700E294E5 /* Lesson5 */;
			targetProxy = 6598237B25C3F4DD00E294E5 /* PBXContainerItemProxy */;
		};
/* End PBXTargetDependency section */

/* Begin XCBuildConfiguration section */
		6598238125C3F4DD00E294E5 /* Debug */ = {
			isa = XCBuildConfiguration;
			buildSettings = {
				ALWAYS_SEARCH_USER_PATHS = NO;
				CLANG_ANALYZER_NONNULL = YES;
				CLANG_ANALYZER_NUMBER_OBJECT_CONVERSION = YES_AGGRESSIVE;
				CLANG_CXX_LANGUAGE_STANDARD = "gnu++14";
				CLANG_CXX_LIBRARY = "libc++";
				CLANG_ENABLE_MODULES = YES;
				CLANG_ENABLE_OBJC_ARC = YES;
				CLANG_ENABLE_OBJC_WEAK = YES;
				CLANG_WARN_BLOCK_CAPTURE_AUTORELEASING = YES;
				CLANG_WARN_BOOL_CONVERSION = YES;
				CLANG_WARN_COMMA = YES;
				CLANG_WARN_CONSTANT_CONVERSION = YES;
				CLANG_WARN_DEPRECATED_OBJC_IMPLEMENTATIONS = YES;
				CLANG_WARN_DIRECT_OBJC_ISA_USAGE = YES_ERROR;
				CLANG_WARN_DOCUMENTATION_COMMENTS = YES;
				CLANG_WARN_EMPTY_BODY = YES;
				CLANG_WARN_ENUM_CONVERSION = YES;
				CLANG_WARN_INFINITE_RECURSION = YES;
				CLANG_WARN_INT_CONVERSION = YES;
				CLANG_WARN_NON_LITERAL_NULL_CONVERSION = YES;
				CLANG_WARN_OBJC_IMPLICIT_RETAIN_SELF = YES;
				CLANG_WARN_OBJC_LITERAL_CONVERSION = YES;
				CLANG_WARN_OBJC_ROOT_CLASS = YES_ERROR;
				CLANG_WARN_QUOTED_INCLUDE_IN_FRAMEWORK_HEADER = YES;
				CLANG_WARN_RANGE_LOOP_ANALYSIS = YES;
				CLANG_WARN_STRICT_PROTOTYPES = YES;
				CLANG_WARN_SUSPICIOUS_MOVE = YES;
				CLANG_WARN_UNGUARDED_AVAILABILITY = YES_AGGRESSIVE;
				CLANG_WARN_UNREACHABLE_CODE = YES;
				CLANG_WARN__DUPLICATE_METHOD_MATCH = YES;
				COPY_PHASE_STRIP = NO;
				DEBUG_INFORMATION_FORMAT = dwarf;
				ENABLE_STRICT_OBJC_MSGSEND = YES;
				ENABLE_TESTABILITY = YES;
				GCC_C_LANGUAGE_STANDARD = gnu11;
				GCC_DYNAMIC_NO_PIC = NO;
				GCC_NO_COMMON_BLOCKS = YES;
				GCC_OPTIMIZATION_LEVEL = 0;
				GCC_PREPROCESSOR_DEFINITIONS = (
					"DEBUG=1",
					"$(inherited)",
				);
				GCC_WARN_64_TO_32_BIT_CONVERSION = YES;
				GCC_WARN_ABOUT_RETURN_TYPE = YES_ERROR;
				GCC_WARN_UNDECLARED_SELECTOR = YES;
				GCC_WARN_UNINITIALIZED_AUTOS = YES_AGGRESSIVE;
				GCC_WARN_UNUSED_FUNCTION = YES;
				GCC_WARN_UNUSED_VARIABLE = YES;
				IPHONEOS_DEPLOYMENT_TARGET = 14.3;
				MTL_ENABLE_DEBUG_INFO = INCLUDE_SOURCE;
				MTL_FAST_MATH = YES;
				ONLY_ACTIVE_ARCH = YES;
				SDKROOT = iphoneos;
				SWIFT_ACTIVE_COMPILATION_CONDITIONS = DEBUG;
				SWIFT_OPTIMIZATION_LEVEL = "-Onone";
			};
			name = Debug;
		};
		6598238225C3F4DD00E294E5 /* Release */ = {
			isa = XCBuildConfiguration;
			buildSettings = {
				ALWAYS_SEARCH_USER_PATHS = NO;
				CLANG_ANALYZER_NONNULL = YES;
				CLANG_ANALYZER_NUMBER_OBJECT_CONVERSION = YES_AGGRESSIVE;
				CLANG_CXX_LANGUAGE_STANDARD = "gnu++14";
				CLANG_CXX_LIBRARY = "libc++";
				CLANG_ENABLE_MODULES = YES;
				CLANG_ENABLE_OBJC_ARC = YES;
				CLANG_ENABLE_OBJC_WEAK = YES;
				CLANG_WARN_BLOCK_CAPTURE_AUTORELEASING = YES;
				CLANG_WARN_BOOL_CONVERSION = YES;
				CLANG_WARN_COMMA = YES;
				CLANG_WARN_CONSTANT_CONVERSION = YES;
				CLANG_WARN_DEPRECATED_OBJC_IMPLEMENTATIONS = YES;
				CLANG_WARN_DIRECT_OBJC_ISA_USAGE = YES_ERROR;
				CLANG_WARN_DOCUMENTATION_COMMENTS = YES;
				CLANG_WARN_EMPTY_BODY = YES;
				CLANG_WARN_ENUM_CONVERSION = YES;
				CLANG_WARN_INFINITE_RECURSION = YES;
				CLANG_WARN_INT_CONVERSION = YES;
				CLANG_WARN_NON_LITERAL_NULL_CONVERSION = YES;
				CLANG_WARN_OBJC_IMPLICIT_RETAIN_SELF = YES;
				CLANG_WARN_OBJC_LITERAL_CONVERSION = YES;
				CLANG_WARN_OBJC_ROOT_CLASS = YES_ERROR;
				CLANG_WARN_QUOTED_INCLUDE_IN_FRAMEWORK_HEADER = YES;
				CLANG_WARN_RANGE_LOOP_ANALYSIS = YES;
				CLANG_WARN_STRICT_PROTOTYPES = YES;
				CLANG_WARN_SUSPICIOUS_MOVE = YES;
				CLANG_WARN_UNGUARDED_AVAILABILITY = YES_AGGRESSIVE;
				CLANG_WARN_UNREACHABLE_CODE = YES;
				CLANG_WARN__DUPLICATE_METHOD_MATCH = YES;
				COPY_PHASE_STRIP = NO;
				DEBUG_INFORMATION_FORMAT = "dwarf-with-dsym";
				ENABLE_NS_ASSERTIONS = NO;
				ENABLE_STRICT_OBJC_MSGSEND = YES;
				GCC_C_LANGUAGE_STANDARD = gnu11;
				GCC_NO_COMMON_BLOCKS = YES;
				GCC_WARN_64_TO_32_BIT_CONVERSION = YES;
				GCC_WARN_ABOUT_RETURN_TYPE = YES_ERROR;
				GCC_WARN_UNDECLARED_SELECTOR = YES;
				GCC_WARN_UNINITIALIZED_AUTOS = YES_AGGRESSIVE;
				GCC_WARN_UNUSED_FUNCTION = YES;
				GCC_WARN_UNUSED_VARIABLE = YES;
				IPHONEOS_DEPLOYMENT_TARGET = 14.3;
				MTL_ENABLE_DEBUG_INFO = NO;
				MTL_FAST_MATH = YES;
				SDKROOT = iphoneos;
				SWIFT_COMPILATION_MODE = wholemodule;
				SWIFT_OPTIMIZATION_LEVEL = "-O";
				VALIDATE_PRODUCT = YES;
			};
			name = Release;
		};
		6598238425C3F4DD00E294E5 /* Debug */ = {
			isa = XCBuildConfiguration;
			buildSettings = {
				ASSETCATALOG_COMPILER_APPICON_NAME = AppIcon;
				ASSETCATALOG_COMPILER_GLOBAL_ACCENT_COLOR_NAME = AccentColor;
				CODE_SIGN_STYLE = Automatic;
				DEVELOPMENT_ASSET_PATHS = "\"Lesson5/Preview Content\"";
				DEVELOPMENT_TEAM = 2UF58G89H3;
				ENABLE_PREVIEWS = YES;
				INFOPLIST_FILE = Lesson5/Info.plist;
				IPHONEOS_DEPLOYMENT_TARGET = 14.0;
				LD_RUNPATH_SEARCH_PATHS = (
					"$(inherited)",
					"@executable_path/Frameworks",
				);
				PRODUCT_BUNDLE_IDENTIFIER = com.XAMAX.Lesson5;
				PRODUCT_NAME = "$(TARGET_NAME)";
				SWIFT_VERSION = 5.0;
				TARGETED_DEVICE_FAMILY = "1,2";
			};
			name = Debug;
		};
		6598238525C3F4DD00E294E5 /* Release */ = {
			isa = XCBuildConfiguration;
			buildSettings = {
				ASSETCATALOG_COMPILER_APPICON_NAME = AppIcon;
				ASSETCATALOG_COMPILER_GLOBAL_ACCENT_COLOR_NAME = AccentColor;
				CODE_SIGN_STYLE = Automatic;
				DEVELOPMENT_ASSET_PATHS = "\"Lesson5/Preview Content\"";
				DEVELOPMENT_TEAM = 2UF58G89H3;
				ENABLE_PREVIEWS = YES;
				INFOPLIST_FILE = Lesson5/Info.plist;
				IPHONEOS_DEPLOYMENT_TARGET = 14.0;
				LD_RUNPATH_SEARCH_PATHS = (
					"$(inherited)",
					"@executable_path/Frameworks",
				);
				PRODUCT_BUNDLE_IDENTIFIER = com.XAMAX.Lesson5;
				PRODUCT_NAME = "$(TARGET_NAME)";
				SWIFT_VERSION = 5.0;
				TARGETED_DEVICE_FAMILY = "1,2";
			};
			name = Release;
		};
		6598238725C3F4DD00E294E5 /* Debug */ = {
			isa = XCBuildConfiguration;
			buildSettings = {
				ALWAYS_EMBED_SWIFT_STANDARD_LIBRARIES = YES;
				BUNDLE_LOADER = "$(TEST_HOST)";
				CODE_SIGN_STYLE = Automatic;
				DEVELOPMENT_TEAM = 2UF58G89H3;
				INFOPLIST_FILE = Lesson5Tests/Info.plist;
				IPHONEOS_DEPLOYMENT_TARGET = 14.0;
				LD_RUNPATH_SEARCH_PATHS = (
					"$(inherited)",
					"@executable_path/Frameworks",
					"@loader_path/Frameworks",
				);
				PRODUCT_BUNDLE_IDENTIFIER = com.XAMAX.Lesson5Tests;
				PRODUCT_NAME = "$(TARGET_NAME)";
				SWIFT_VERSION = 5.0;
				TARGETED_DEVICE_FAMILY = "1,2";
				TEST_HOST = "$(BUILT_PRODUCTS_DIR)/Lesson5.app/Lesson5";
			};
			name = Debug;
		};
		6598238825C3F4DD00E294E5 /* Release */ = {
			isa = XCBuildConfiguration;
			buildSettings = {
				ALWAYS_EMBED_SWIFT_STANDARD_LIBRARIES = YES;
				BUNDLE_LOADER = "$(TEST_HOST)";
				CODE_SIGN_STYLE = Automatic;
				DEVELOPMENT_TEAM = 2UF58G89H3;
				INFOPLIST_FILE = Lesson5Tests/Info.plist;
				IPHONEOS_DEPLOYMENT_TARGET = 14.0;
				LD_RUNPATH_SEARCH_PATHS = (
					"$(inherited)",
					"@executable_path/Frameworks",
					"@loader_path/Frameworks",
				);
				PRODUCT_BUNDLE_IDENTIFIER = com.XAMAX.Lesson5Tests;
				PRODUCT_NAME = "$(TARGET_NAME)";
				SWIFT_VERSION = 5.0;
				TARGETED_DEVICE_FAMILY = "1,2";
				TEST_HOST = "$(BUILT_PRODUCTS_DIR)/Lesson5.app/Lesson5";
			};
			name = Release;
		};
		6598238A25C3F4DD00E294E5 /* Debug */ = {
			isa = XCBuildConfiguration;
			buildSettings = {
				ALWAYS_EMBED_SWIFT_STANDARD_LIBRARIES = YES;
				CODE_SIGN_STYLE = Automatic;
				DEVELOPMENT_TEAM = 2UF58G89H3;
				INFOPLIST_FILE = Lesson5UITests/Info.plist;
				LD_RUNPATH_SEARCH_PATHS = (
					"$(inherited)",
					"@executable_path/Frameworks",
					"@loader_path/Frameworks",
				);
				PRODUCT_BUNDLE_IDENTIFIER = com.XAMAX.Lesson5UITests;
				PRODUCT_NAME = "$(TARGET_NAME)";
				SWIFT_VERSION = 5.0;
				TARGETED_DEVICE_FAMILY = "1,2";
				TEST_TARGET_NAME = Lesson5;
			};
			name = Debug;
		};
		6598238B25C3F4DD00E294E5 /* Release */ = {
			isa = XCBuildConfiguration;
			buildSettings = {
				ALWAYS_EMBED_SWIFT_STANDARD_LIBRARIES = YES;
				CODE_SIGN_STYLE = Automatic;
				DEVELOPMENT_TEAM = 2UF58G89H3;
				INFOPLIST_FILE = Lesson5UITests/Info.plist;
				LD_RUNPATH_SEARCH_PATHS = (
					"$(inherited)",
					"@executable_path/Frameworks",
					"@loader_path/Frameworks",
				);
				PRODUCT_BUNDLE_IDENTIFIER = com.XAMAX.Lesson5UITests;
				PRODUCT_NAME = "$(TARGET_NAME)";
				SWIFT_VERSION = 5.0;
				TARGETED_DEVICE_FAMILY = "1,2";
				TEST_TARGET_NAME = Lesson5;
			};
			name = Release;
		};
/* End XCBuildConfiguration section */

/* Begin XCConfigurationList section */
		6598235925C3F4D700E294E5 /* Build configuration list for PBXProject "Lesson5" */ = {
			isa = XCConfigurationList;
			buildConfigurations = (
				6598238125C3F4DD00E294E5 /* Debug */,
				6598238225C3F4DD00E294E5 /* Release */,
			);
			defaultConfigurationIsVisible = 0;
			defaultConfigurationName = Release;
		};
		6598238325C3F4DD00E294E5 /* Build configuration list for PBXNativeTarget "Lesson5" */ = {
			isa = XCConfigurationList;
			buildConfigurations = (
				6598238425C3F4DD00E294E5 /* Debug */,
				6598238525C3F4DD00E294E5 /* Release */,
			);
			defaultConfigurationIsVisible = 0;
			defaultConfigurationName = Release;
		};
		6598238625C3F4DD00E294E5 /* Build configuration list for PBXNativeTarget "Lesson5Tests" */ = {
			isa = XCConfigurationList;
			buildConfigurations = (
				6598238725C3F4DD00E294E5 /* Debug */,
				6598238825C3F4DD00E294E5 /* Release */,
			);
			defaultConfigurationIsVisible = 0;
			defaultConfigurationName = Release;
		};
		6598238925C3F4DD00E294E5 /* Build configuration list for PBXNativeTarget "Lesson5UITests" */ = {
			isa = XCConfigurationList;
			buildConfigurations = (
				6598238A25C3F4DD00E294E5 /* Debug */,
				6598238B25C3F4DD00E294E5 /* Release */,
			);
			defaultConfigurationIsVisible = 0;
			defaultConfigurationName = Release;
		};
/* End XCConfigurationList section */
	};
	rootObject = 6598235625C3F4D700E294E5 /* Project object */;
}
