// !$*UTF8*$!
{
	archiveVersion = 1;
	classes = {
	};
	objectVersion = 50;
	objects = {

/* Begin PBXBuildFile section */
		654BA4F625B81D2D00024C1F /* Lesson1App.swift in Sources */ = {isa = PBXBuildFile; fileRef = 654BA4F525B81D2D00024C1F /* Lesson1App.swift */; };
		654BA4F825B81D2D00024C1F /* ContentView.swift in Sources */ = {isa = PBXBuildFile; fileRef = 654BA4F725B81D2D00024C1F /* ContentView.swift */; };
		654BA4FA25B81D3100024C1F /* Assets.xcassets in Resources */ = {isa = PBXBuildFile; fileRef = 654BA4F925B81D3100024C1F /* Assets.xcassets */; };
		654BA4FD25B81D3100024C1F /* Preview Assets.xcassets in Resources */ = {isa = PBXBuildFile; fileRef = 654BA4FC25B81D3100024C1F /* Preview Assets.xcassets */; };
		654BA50825B81D3200024C1F /* Lesson1Tests.swift in Sources */ = {isa = PBXBuildFile; fileRef = 654BA50725B81D3200024C1F /* Lesson1Tests.swift */; };
		654BA51325B81D3200024C1F /* Lesson1UITests.swift in Sources */ = {isa = PBXBuildFile; fileRef = 654BA51225B81D3200024C1F /* Lesson1UITests.swift */; };
/* End PBXBuildFile section */

/* Begin PBXContainerItemProxy section */
		654BA50425B81D3200024C1F /* PBXContainerItemProxy */ = {
			isa = PBXContainerItemProxy;
			containerPortal = 654BA4EA25B81D2D00024C1F /* Project object */;
			proxyType = 1;
			remoteGlobalIDString = 654BA4F125B81D2D00024C1F;
			remoteInfo = Lesson1;
		};
		654BA50F25B81D3200024C1F /* PBXContainerItemProxy */ = {
			isa = PBXContainerItemProxy;
			containerPortal = 654BA4EA25B81D2D00024C1F /* Project object */;
			proxyType = 1;
			remoteGlobalIDString = 654BA4F125B81D2D00024C1F;
			remoteInfo = Lesson1;
		};
/* End PBXContainerItemProxy section */

/* Begin PBXFileReference section */
		654BA4F225B81D2D00024C1F /* Lesson1.app */ = {isa = PBXFileReference; explicitFileType = wrapper.application; includeInIndex = 0; path = Lesson1.app; sourceTree = BUILT_PRODUCTS_DIR; };
		654BA4F525B81D2D00024C1F /* Lesson1App.swift */ = {isa = PBXFileReference; lastKnownFileType = sourcecode.swift; path = Lesson1App.swift; sourceTree = "<group>"; };
		654BA4F725B81D2D00024C1F /* ContentView.swift */ = {isa = PBXFileReference; lastKnownFileType = sourcecode.swift; path = ContentView.swift; sourceTree = "<group>"; };
		654BA4F925B81D3100024C1F /* Assets.xcassets */ = {isa = PBXFileReference; lastKnownFileType = folder.assetcatalog; path = Assets.xcassets; sourceTree = "<group>"; };
		654BA4FC25B81D3100024C1F /* Preview Assets.xcassets */ = {isa = PBXFileReference; lastKnownFileType = folder.assetcatalog; path = "Preview Assets.xcassets"; sourceTree = "<group>"; };
		654BA4FE25B81D3100024C1F /* Info.plist */ = {isa = PBXFileReference; lastKnownFileType = text.plist.xml; path = Info.plist; sourceTree = "<group>"; };
		654BA50325B81D3200024C1F /* Lesson1Tests.xctest */ = {isa = PBXFileReference; explicitFileType = wrapper.cfbundle; includeInIndex = 0; path = Lesson1Tests.xctest; sourceTree = BUILT_PRODUCTS_DIR; };
		654BA50725B81D3200024C1F /* Lesson1Tests.swift */ = {isa = PBXFileReference; lastKnownFileType = sourcecode.swift; path = Lesson1Tests.swift; sourceTree = "<group>"; };
		654BA50925B81D3200024C1F /* Info.plist */ = {isa = PBXFileReference; lastKnownFileType = text.plist.xml; path = Info.plist; sourceTree = "<group>"; };
		654BA50E25B81D3200024C1F /* Lesson1UITests.xctest */ = {isa = PBXFileReference; explicitFileType = wrapper.cfbundle; includeInIndex = 0; path = Lesson1UITests.xctest; sourceTree = BUILT_PRODUCTS_DIR; };
		654BA51225B81D3200024C1F /* Lesson1UITests.swift */ = {isa = PBXFileReference; lastKnownFileType = sourcecode.swift; path = Lesson1UITests.swift; sourceTree = "<group>"; };
		654BA51425B81D3200024C1F /* Info.plist */ = {isa = PBXFileReference; lastKnownFileType = text.plist.xml; path = Info.plist; sourceTree = "<group>"; };
/* End PBXFileReference section */

/* Begin PBXFrameworksBuildPhase section */
		654BA4EF25B81D2D00024C1F /* Frameworks */ = {
			isa = PBXFrameworksBuildPhase;
			buildActionMask = 2147483647;
			files = (
			);
			runOnlyForDeploymentPostprocessing = 0;
		};
		654BA50025B81D3200024C1F /* Frameworks */ = {
			isa = PBXFrameworksBuildPhase;
			buildActionMask = 2147483647;
			files = (
			);
			runOnlyForDeploymentPostprocessing = 0;
		};
		654BA50B25B81D3200024C1F /* Frameworks */ = {
			isa = PBXFrameworksBuildPhase;
			buildActionMask = 2147483647;
			files = (
			);
			runOnlyForDeploymentPostprocessing = 0;
		};
/* End PBXFrameworksBuildPhase section */

/* Begin PBXGroup section */
		654BA4E925B81D2D00024C1F = {
			isa = PBXGroup;
			children = (
				654BA4F425B81D2D00024C1F /* Lesson1 */,
				654BA50625B81D3200024C1F /* Lesson1Tests */,
				654BA51125B81D3200024C1F /* Lesson1UITests */,
				654BA4F325B81D2D00024C1F /* Products */,
			);
			sourceTree = "<group>";
		};
		654BA4F325B81D2D00024C1F /* Products */ = {
			isa = PBXGroup;
			children = (
				654BA4F225B81D2D00024C1F /* Lesson1.app */,
				654BA50325B81D3200024C1F /* Lesson1Tests.xctest */,
				654BA50E25B81D3200024C1F /* Lesson1UITests.xctest */,
			);
			name = Products;
			sourceTree = "<group>";
		};
		654BA4F425B81D2D00024C1F /* Lesson1 */ = {
			isa = PBXGroup;
			children = (
				654BA4F525B81D2D00024C1F /* Lesson1App.swift */,
				654BA4F725B81D2D00024C1F /* ContentView.swift */,
				654BA4F925B81D3100024C1F /* Assets.xcassets */,
				654BA4FE25B81D3100024C1F /* Info.plist */,
				654BA4FB25B81D3100024C1F /* Preview Content */,
			);
			path = Lesson1;
			sourceTree = "<group>";
		};
		654BA4FB25B81D3100024C1F /* Preview Content */ = {
			isa = PBXGroup;
			children = (
				654BA4FC25B81D3100024C1F /* Preview Assets.xcassets */,
			);
			path = "Preview Content";
			sourceTree = "<group>";
		};
		654BA50625B81D3200024C1F /* Lesson1Tests */ = {
			isa = PBXGroup;
			children = (
				654BA50725B81D3200024C1F /* Lesson1Tests.swift */,
				654BA50925B81D3200024C1F /* Info.plist */,
			);
			path = Lesson1Tests;
			sourceTree = "<group>";
		};
		654BA51125B81D3200024C1F /* Lesson1UITests */ = {
			isa = PBXGroup;
			children = (
				654BA51225B81D3200024C1F /* Lesson1UITests.swift */,
				654BA51425B81D3200024C1F /* Info.plist */,
			);
			path = Lesson1UITests;
			sourceTree = "<group>";
		};
/* End PBXGroup section */

/* Begin PBXNativeTarget section */
		654BA4F125B81D2D00024C1F /* Lesson1 */ = {
			isa = PBXNativeTarget;
			buildConfigurationList = 654BA51725B81D3200024C1F /* Build configuration list for PBXNativeTarget "Lesson1" */;
			buildPhases = (
				654BA4EE25B81D2D00024C1F /* Sources */,
				654BA4EF25B81D2D00024C1F /* Frameworks */,
				654BA4F025B81D2D00024C1F /* Resources */,
			);
			buildRules = (
			);
			dependencies = (
			);
			name = Lesson1;
			productName = Lesson1;
			productReference = 654BA4F225B81D2D00024C1F /* Lesson1.app */;
			productType = "com.apple.product-type.application";
		};
		654BA50225B81D3200024C1F /* Lesson1Tests */ = {
			isa = PBXNativeTarget;
			buildConfigurationList = 654BA51A25B81D3200024C1F /* Build configuration list for PBXNativeTarget "Lesson1Tests" */;
			buildPhases = (
				654BA4FF25B81D3200024C1F /* Sources */,
				654BA50025B81D3200024C1F /* Frameworks */,
				654BA50125B81D3200024C1F /* Resources */,
			);
			buildRules = (
			);
			dependencies = (
				654BA50525B81D3200024C1F /* PBXTargetDependency */,
			);
			name = Lesson1Tests;
			productName = Lesson1Tests;
			productReference = 654BA50325B81D3200024C1F /* Lesson1Tests.xctest */;
			productType = "com.apple.product-type.bundle.unit-test";
		};
		654BA50D25B81D3200024C1F /* Lesson1UITests */ = {
			isa = PBXNativeTarget;
			buildConfigurationList = 654BA51D25B81D3200024C1F /* Build configuration list for PBXNativeTarget "Lesson1UITests" */;
			buildPhases = (
				654BA50A25B81D3200024C1F /* Sources */,
				654BA50B25B81D3200024C1F /* Frameworks */,
				654BA50C25B81D3200024C1F /* Resources */,
			);
			buildRules = (
			);
			dependencies = (
				654BA51025B81D3200024C1F /* PBXTargetDependency */,
			);
			name = Lesson1UITests;
			productName = Lesson1UITests;
			productReference = 654BA50E25B81D3200024C1F /* Lesson1UITests.xctest */;
			productType = "com.apple.product-type.bundle.ui-testing";
		};
/* End PBXNativeTarget section */

/* Begin PBXProject section */
		654BA4EA25B81D2D00024C1F /* Project object */ = {
			isa = PBXProject;
			attributes = {
				LastSwiftUpdateCheck = 1230;
				LastUpgradeCheck = 1230;
				TargetAttributes = {
					654BA4F125B81D2D00024C1F = {
						CreatedOnToolsVersion = 12.3;
					};
					654BA50225B81D3200024C1F = {
						CreatedOnToolsVersion = 12.3;
						TestTargetID = 654BA4F125B81D2D00024C1F;
					};
					654BA50D25B81D3200024C1F = {
						CreatedOnToolsVersion = 12.3;
						TestTargetID = 654BA4F125B81D2D00024C1F;
					};
				};
			};
			buildConfigurationList = 654BA4ED25B81D2D00024C1F /* Build configuration list for PBXProject "Lesson1" */;
			compatibilityVersion = "Xcode 9.3";
			developmentRegion = en;
			hasScannedForEncodings = 0;
			knownRegions = (
				en,
				Base,
			);
			mainGroup = 654BA4E925B81D2D00024C1F;
			productRefGroup = 654BA4F325B81D2D00024C1F /* Products */;
			projectDirPath = "";
			projectRoot = "";
			targets = (
				654BA4F125B81D2D00024C1F /* Lesson1 */,
				654BA50225B81D3200024C1F /* Lesson1Tests */,
				654BA50D25B81D3200024C1F /* Lesson1UITests */,
			);
		};
/* End PBXProject section */

/* Begin PBXResourcesBuildPhase section */
		654BA4F025B81D2D00024C1F /* Resources */ = {
			isa = PBXResourcesBuildPhase;
			buildActionMask = 2147483647;
			files = (
				654BA4FD25B81D3100024C1F /* Preview Assets.xcassets in Resources */,
				654BA4FA25B81D3100024C1F /* Assets.xcassets in Resources */,
			);
			runOnlyForDeploymentPostprocessing = 0;
		};
		654BA50125B81D3200024C1F /* Resources */ = {
			isa = PBXResourcesBuildPhase;
			buildActionMask = 2147483647;
			files = (
			);
			runOnlyForDeploymentPostprocessing = 0;
		};
		654BA50C25B81D3200024C1F /* Resources */ = {
			isa = PBXResourcesBuildPhase;
			buildActionMask = 2147483647;
			files = (
			);
			runOnlyForDeploymentPostprocessing = 0;
		};
/* End PBXResourcesBuildPhase section */

/* Begin PBXSourcesBuildPhase section */
		654BA4EE25B81D2D00024C1F /* Sources */ = {
			isa = PBXSourcesBuildPhase;
			buildActionMask = 2147483647;
			files = (
				654BA4F825B81D2D00024C1F /* ContentView.swift in Sources */,
				654BA4F625B81D2D00024C1F /* Lesson1App.swift in Sources */,
			);
			runOnlyForDeploymentPostprocessing = 0;
		};
		654BA4FF25B81D3200024C1F /* Sources */ = {
			isa = PBXSourcesBuildPhase;
			buildActionMask = 2147483647;
			files = (
				654BA50825B81D3200024C1F /* Lesson1Tests.swift in Sources */,
			);
			runOnlyForDeploymentPostprocessing = 0;
		};
		654BA50A25B81D3200024C1F /* Sources */ = {
			isa = PBXSourcesBuildPhase;
			buildActionMask = 2147483647;
			files = (
				654BA51325B81D3200024C1F /* Lesson1UITests.swift in Sources */,
			);
			runOnlyForDeploymentPostprocessing = 0;
		};
/* End PBXSourcesBuildPhase section */

/* Begin PBXTargetDependency section */
		654BA50525B81D3200024C1F /* PBXTargetDependency */ = {
			isa = PBXTargetDependency;
			target = 654BA4F125B81D2D00024C1F /* Lesson1 */;
			targetProxy = 654BA50425B81D3200024C1F /* PBXContainerItemProxy */;
		};
		654BA51025B81D3200024C1F /* PBXTargetDependency */ = {
			isa = PBXTargetDependency;
			target = 654BA4F125B81D2D00024C1F /* Lesson1 */;
			targetProxy = 654BA50F25B81D3200024C1F /* PBXContainerItemProxy */;
		};
/* End PBXTargetDependency section */

/* Begin XCBuildConfiguration section */
		654BA51525B81D3200024C1F /* Debug */ = {
			isa = XCBuildConfiguration;
			buildSettings = {
				ALWAYS_SEARCH_USER_PATHS = NO;
				CLANG_ANALYZER_NONNULL = YES;
				CLANG_ANALYZER_NUMBER_OBJECT_CONVERSION = YES_AGGRESSIVE;
				CLANG_CXX_LANGUAGE_STANDARD = "gnu++14";
				CLANG_CXX_LIBRARY = "libc++";
				CLANG_ENABLE_MODULES = YES;
				CLANG_ENABLE_OBJC_ARC = YES;
				CLANG_ENABLE_OBJC_WEAK = YES;
				CLANG_WARN_BLOCK_CAPTURE_AUTORELEASING = YES;
				CLANG_WARN_BOOL_CONVERSION = YES;
				CLANG_WARN_COMMA = YES;
				CLANG_WARN_CONSTANT_CONVERSION = YES;
				CLANG_WARN_DEPRECATED_OBJC_IMPLEMENTATIONS = YES;
				CLANG_WARN_DIRECT_OBJC_ISA_USAGE = YES_ERROR;
				CLANG_WARN_DOCUMENTATION_COMMENTS = YES;
				CLANG_WARN_EMPTY_BODY = YES;
				CLANG_WARN_ENUM_CONVERSION = YES;
				CLANG_WARN_INFINITE_RECURSION = YES;
				CLANG_WARN_INT_CONVERSION = YES;
				CLANG_WARN_NON_LITERAL_NULL_CONVERSION = YES;
				CLANG_WARN_OBJC_IMPLICIT_RETAIN_SELF = YES;
				CLANG_WARN_OBJC_LITERAL_CONVERSION = YES;
				CLANG_WARN_OBJC_ROOT_CLASS = YES_ERROR;
				CLANG_WARN_QUOTED_INCLUDE_IN_FRAMEWORK_HEADER = YES;
				CLANG_WARN_RANGE_LOOP_ANALYSIS = YES;
				CLANG_WARN_STRICT_PROTOTYPES = YES;
				CLANG_WARN_SUSPICIOUS_MOVE = YES;
				CLANG_WARN_UNGUARDED_AVAILABILITY = YES_AGGRESSIVE;
				CLANG_WARN_UNREACHABLE_CODE = YES;
				CLANG_WARN__DUPLICATE_METHOD_MATCH = YES;
				COPY_PHASE_STRIP = NO;
				DEBUG_INFORMATION_FORMAT = dwarf;
				ENABLE_STRICT_OBJC_MSGSEND = YES;
				ENABLE_TESTABILITY = YES;
				GCC_C_LANGUAGE_STANDARD = gnu11;
				GCC_DYNAMIC_NO_PIC = NO;
				GCC_NO_COMMON_BLOCKS = YES;
				GCC_OPTIMIZATION_LEVEL = 0;
				GCC_PREPROCESSOR_DEFINITIONS = (
					"DEBUG=1",
					"$(inherited)",
				);
				GCC_WARN_64_TO_32_BIT_CONVERSION = YES;
				GCC_WARN_ABOUT_RETURN_TYPE = YES_ERROR;
				GCC_WARN_UNDECLARED_SELECTOR = YES;
				GCC_WARN_UNINITIALIZED_AUTOS = YES_AGGRESSIVE;
				GCC_WARN_UNUSED_FUNCTION = YES;
				GCC_WARN_UNUSED_VARIABLE = YES;
				IPHONEOS_DEPLOYMENT_TARGET = 14.3;
				MTL_ENABLE_DEBUG_INFO = INCLUDE_SOURCE;
				MTL_FAST_MATH = YES;
				ONLY_ACTIVE_ARCH = YES;
				SDKROOT = iphoneos;
				SWIFT_ACTIVE_COMPILATION_CONDITIONS = DEBUG;
				SWIFT_OPTIMIZATION_LEVEL = "-Onone";
			};
			name = Debug;
		};
		654BA51625B81D3200024C1F /* Release */ = {
			isa = XCBuildConfiguration;
			buildSettings = {
				ALWAYS_SEARCH_USER_PATHS = NO;
				CLANG_ANALYZER_NONNULL = YES;
				CLANG_ANALYZER_NUMBER_OBJECT_CONVERSION = YES_AGGRESSIVE;
				CLANG_CXX_LANGUAGE_STANDARD = "gnu++14";
				CLANG_CXX_LIBRARY = "libc++";
				CLANG_ENABLE_MODULES = YES;
				CLANG_ENABLE_OBJC_ARC = YES;
				CLANG_ENABLE_OBJC_WEAK = YES;
				CLANG_WARN_BLOCK_CAPTURE_AUTORELEASING = YES;
				CLANG_WARN_BOOL_CONVERSION = YES;
				CLANG_WARN_COMMA = YES;
				CLANG_WARN_CONSTANT_CONVERSION = YES;
				CLANG_WARN_DEPRECATED_OBJC_IMPLEMENTATIONS = YES;
				CLANG_WARN_DIRECT_OBJC_ISA_USAGE = YES_ERROR;
				CLANG_WARN_DOCUMENTATION_COMMENTS = YES;
				CLANG_WARN_EMPTY_BODY = YES;
				CLANG_WARN_ENUM_CONVERSION = YES;
				CLANG_WARN_INFINITE_RECURSION = YES;
				CLANG_WARN_INT_CONVERSION = YES;
				CLANG_WARN_NON_LITERAL_NULL_CONVERSION = YES;
				CLANG_WARN_OBJC_IMPLICIT_RETAIN_SELF = YES;
				CLANG_WARN_OBJC_LITERAL_CONVERSION = YES;
				CLANG_WARN_OBJC_ROOT_CLASS = YES_ERROR;
				CLANG_WARN_QUOTED_INCLUDE_IN_FRAMEWORK_HEADER = YES;
				CLANG_WARN_RANGE_LOOP_ANALYSIS = YES;
				CLANG_WARN_STRICT_PROTOTYPES = YES;
				CLANG_WARN_SUSPICIOUS_MOVE = YES;
				CLANG_WARN_UNGUARDED_AVAILABILITY = YES_AGGRESSIVE;
				CLANG_WARN_UNREACHABLE_CODE = YES;
				CLANG_WARN__DUPLICATE_METHOD_MATCH = YES;
				COPY_PHASE_STRIP = NO;
				DEBUG_INFORMATION_FORMAT = "dwarf-with-dsym";
				ENABLE_NS_ASSERTIONS = NO;
				ENABLE_STRICT_OBJC_MSGSEND = YES;
				GCC_C_LANGUAGE_STANDARD = gnu11;
				GCC_NO_COMMON_BLOCKS = YES;
				GCC_WARN_64_TO_32_BIT_CONVERSION = YES;
				GCC_WARN_ABOUT_RETURN_TYPE = YES_ERROR;
				GCC_WARN_UNDECLARED_SELECTOR = YES;
				GCC_WARN_UNINITIALIZED_AUTOS = YES_AGGRESSIVE;
				GCC_WARN_UNUSED_FUNCTION = YES;
				GCC_WARN_UNUSED_VARIABLE = YES;
				IPHONEOS_DEPLOYMENT_TARGET = 14.3;
				MTL_ENABLE_DEBUG_INFO = NO;
				MTL_FAST_MATH = YES;
				SDKROOT = iphoneos;
				SWIFT_COMPILATION_MODE = wholemodule;
				SWIFT_OPTIMIZATION_LEVEL = "-O";
				VALIDATE_PRODUCT = YES;
			};
			name = Release;
		};
		654BA51825B81D3200024C1F /* Debug */ = {
			isa = XCBuildConfiguration;
			buildSettings = {
				ASSETCATALOG_COMPILER_APPICON_NAME = AppIcon;
				ASSETCATALOG_COMPILER_GLOBAL_ACCENT_COLOR_NAME = AccentColor;
				CODE_SIGN_STYLE = Automatic;
				DEVELOPMENT_ASSET_PATHS = "\"Lesson1/Preview Content\"";
				DEVELOPMENT_TEAM = 2UF58G89H3;
				ENABLE_PREVIEWS = YES;
				INFOPLIST_FILE = Lesson1/Info.plist;
				IPHONEOS_DEPLOYMENT_TARGET = 14.0;
				LD_RUNPATH_SEARCH_PATHS = (
					"$(inherited)",
					"@executable_path/Frameworks",
				);
				PRODUCT_BUNDLE_IDENTIFIER = com.XAMAX.Lesson1;
				PRODUCT_NAME = "$(TARGET_NAME)";
				SWIFT_VERSION = 5.0;
				TARGETED_DEVICE_FAMILY = "1,2";
			};
			name = Debug;
		};
		654BA51925B81D3200024C1F /* Release */ = {
			isa = XCBuildConfiguration;
			buildSettings = {
				ASSETCATALOG_COMPILER_APPICON_NAME = AppIcon;
				ASSETCATALOG_COMPILER_GLOBAL_ACCENT_COLOR_NAME = AccentColor;
				CODE_SIGN_STYLE = Automatic;
				DEVELOPMENT_ASSET_PATHS = "\"Lesson1/Preview Content\"";
				DEVELOPMENT_TEAM = 2UF58G89H3;
				ENABLE_PREVIEWS = YES;
				INFOPLIST_FILE = Lesson1/Info.plist;
				IPHONEOS_DEPLOYMENT_TARGET = 14.0;
				LD_RUNPATH_SEARCH_PATHS = (
					"$(inherited)",
					"@executable_path/Frameworks",
				);
				PRODUCT_BUNDLE_IDENTIFIER = com.XAMAX.Lesson1;
				PRODUCT_NAME = "$(TARGET_NAME)";
				SWIFT_VERSION = 5.0;
				TARGETED_DEVICE_FAMILY = "1,2";
			};
			name = Release;
		};
		654BA51B25B81D3200024C1F /* Debug */ = {
			isa = XCBuildConfiguration;
			buildSettings = {
				ALWAYS_EMBED_SWIFT_STANDARD_LIBRARIES = YES;
				BUNDLE_LOADER = "$(TEST_HOST)";
				CODE_SIGN_STYLE = Automatic;
				INFOPLIST_FILE = Lesson1Tests/Info.plist;
				IPHONEOS_DEPLOYMENT_TARGET = 14.0;
				LD_RUNPATH_SEARCH_PATHS = (
					"$(inherited)",
					"@executable_path/Frameworks",
					"@loader_path/Frameworks",
				);
				PRODUCT_BUNDLE_IDENTIFIER = com.XAMAX.Lesson1Tests;
				PRODUCT_NAME = "$(TARGET_NAME)";
				SWIFT_VERSION = 5.0;
				TARGETED_DEVICE_FAMILY = "1,2";
				TEST_HOST = "$(BUILT_PRODUCTS_DIR)/Lesson1.app/Lesson1";
			};
			name = Debug;
		};
		654BA51C25B81D3200024C1F /* Release */ = {
			isa = XCBuildConfiguration;
			buildSettings = {
				ALWAYS_EMBED_SWIFT_STANDARD_LIBRARIES = YES;
				BUNDLE_LOADER = "$(TEST_HOST)";
				CODE_SIGN_STYLE = Automatic;
				INFOPLIST_FILE = Lesson1Tests/Info.plist;
				IPHONEOS_DEPLOYMENT_TARGET = 14.0;
				LD_RUNPATH_SEARCH_PATHS = (
					"$(inherited)",
					"@executable_path/Frameworks",
					"@loader_path/Frameworks",
				);
				PRODUCT_BUNDLE_IDENTIFIER = com.XAMAX.Lesson1Tests;
				PRODUCT_NAME = "$(TARGET_NAME)";
				SWIFT_VERSION = 5.0;
				TARGETED_DEVICE_FAMILY = "1,2";
				TEST_HOST = "$(BUILT_PRODUCTS_DIR)/Lesson1.app/Lesson1";
			};
			name = Release;
		};
		654BA51E25B81D3200024C1F /* Debug */ = {
			isa = XCBuildConfiguration;
			buildSettings = {
				ALWAYS_EMBED_SWIFT_STANDARD_LIBRARIES = YES;
				CODE_SIGN_STYLE = Automatic;
				INFOPLIST_FILE = Lesson1UITests/Info.plist;
				LD_RUNPATH_SEARCH_PATHS = (
					"$(inherited)",
					"@executable_path/Frameworks",
					"@loader_path/Frameworks",
				);
				PRODUCT_BUNDLE_IDENTIFIER = com.XAMAX.Lesson1UITests;
				PRODUCT_NAME = "$(TARGET_NAME)";
				SWIFT_VERSION = 5.0;
				TARGETED_DEVICE_FAMILY = "1,2";
				TEST_TARGET_NAME = Lesson1;
			};
			name = Debug;
		};
		654BA51F25B81D3200024C1F /* Release */ = {
			isa = XCBuildConfiguration;
			buildSettings = {
				ALWAYS_EMBED_SWIFT_STANDARD_LIBRARIES = YES;
				CODE_SIGN_STYLE = Automatic;
				INFOPLIST_FILE = Lesson1UITests/Info.plist;
				LD_RUNPATH_SEARCH_PATHS = (
					"$(inherited)",
					"@executable_path/Frameworks",
					"@loader_path/Frameworks",
				);
				PRODUCT_BUNDLE_IDENTIFIER = com.XAMAX.Lesson1UITests;
				PRODUCT_NAME = "$(TARGET_NAME)";
				SWIFT_VERSION = 5.0;
				TARGETED_DEVICE_FAMILY = "1,2";
				TEST_TARGET_NAME = Lesson1;
			};
			name = Release;
		};
/* End XCBuildConfiguration section */

/* Begin XCConfigurationList section */
		654BA4ED25B81D2D00024C1F /* Build configuration list for PBXProject "Lesson1" */ = {
			isa = XCConfigurationList;
			buildConfigurations = (
				654BA51525B81D3200024C1F /* Debug */,
				654BA51625B81D3200024C1F /* Release */,
			);
			defaultConfigurationIsVisible = 0;
			defaultConfigurationName = Release;
		};
		654BA51725B81D3200024C1F /* Build configuration list for PBXNativeTarget "Lesson1" */ = {
			isa = XCConfigurationList;
			buildConfigurations = (
				654BA51825B81D3200024C1F /* Debug */,
				654BA51925B81D3200024C1F /* Release */,
			);
			defaultConfigurationIsVisible = 0;
			defaultConfigurationName = Release;
		};
		654BA51A25B81D3200024C1F /* Build configuration list for PBXNativeTarget "Lesson1Tests" */ = {
			isa = XCConfigurationList;
			buildConfigurations = (
				654BA51B25B81D3200024C1F /* Debug */,
				654BA51C25B81D3200024C1F /* Release */,
			);
			defaultConfigurationIsVisible = 0;
			defaultConfigurationName = Release;
		};
		654BA51D25B81D3200024C1F /* Build configuration list for PBXNativeTarget "Lesson1UITests" */ = {
			isa = XCConfigurationList;
			buildConfigurations = (
				654BA51E25B81D3200024C1F /* Debug */,
				654BA51F25B81D3200024C1F /* Release */,
			);
			defaultConfigurationIsVisible = 0;
			defaultConfigurationName = Release;
		};
/* End XCConfigurationList section */
	};
	rootObject = 654BA4EA25B81D2D00024C1F /* Project object */;
}
