// !$*UTF8*$!
{
	archiveVersion = 1;
	classes = {
	};
	objectVersion = 55;
	objects = {

/* Begin PBXBuildFile section */
		656E887327F1A40800B33CE6 /* AppDelegate.swift in Sources */ = {isa = PBXBuildFile; fileRef = 656E887227F1A40800B33CE6 /* AppDelegate.swift */; };
		656E887527F1A40800B33CE6 /* SceneDelegate.swift in Sources */ = {isa = PBXBuildFile; fileRef = 656E887427F1A40800B33CE6 /* SceneDelegate.swift */; };
		656E887727F1A40800B33CE6 /* ViewController.swift in Sources */ = {isa = PBXBuildFile; fileRef = 656E887627F1A40800B33CE6 /* ViewController.swift */; };
		656E887A27F1A40800B33CE6 /* Main.storyboard in Resources */ = {isa = PBXBuildFile; fileRef = 656E887827F1A40800B33CE6 /* Main.storyboard */; };
		656E887C27F1A40B00B33CE6 /* Assets.xcassets in Resources */ = {isa = PBXBuildFile; fileRef = 656E887B27F1A40B00B33CE6 /* Assets.xcassets */; };
		656E887F27F1A40B00B33CE6 /* LaunchScreen.storyboard in Resources */ = {isa = PBXBuildFile; fileRef = 656E887D27F1A40B00B33CE6 /* LaunchScreen.storyboard */; };
		656E888A27F1A40B00B33CE6 /* _7___UITableViewCellTests.swift in Sources */ = {isa = PBXBuildFile; fileRef = 656E888927F1A40B00B33CE6 /* _7___UITableViewCellTests.swift */; };
		656E889427F1A40B00B33CE6 /* _7___UITableViewCellUITests.swift in Sources */ = {isa = PBXBuildFile; fileRef = 656E889327F1A40B00B33CE6 /* _7___UITableViewCellUITests.swift */; };
		656E889627F1A40B00B33CE6 /* _7___UITableViewCellUITestsLaunchTests.swift in Sources */ = {isa = PBXBuildFile; fileRef = 656E889527F1A40B00B33CE6 /* _7___UITableViewCellUITestsLaunchTests.swift */; };
		656E88A327F1A77900B33CE6 /* TableViewController.swift in Sources */ = {isa = PBXBuildFile; fileRef = 656E88A227F1A77900B33CE6 /* TableViewController.swift */; };
		656E88A527F1A79900B33CE6 /* TableViewCell.swift in Sources */ = {isa = PBXBuildFile; fileRef = 656E88A427F1A79900B33CE6 /* TableViewCell.swift */; };
		656E88A827F1A7FE00B33CE6 /* Exercise.swift in Sources */ = {isa = PBXBuildFile; fileRef = 656E88A727F1A7FE00B33CE6 /* Exercise.swift */; };
		65D9136A27FABF8E00A02365 /* 2.png in Resources */ = {isa = PBXBuildFile; fileRef = 65D9136727FABF8E00A02365 /* 2.png */; };
		65D9136B27FABF8E00A02365 /* 3.png in Resources */ = {isa = PBXBuildFile; fileRef = 65D9136827FABF8E00A02365 /* 3.png */; };
		65D9136C27FABF8E00A02365 /* 1.png in Resources */ = {isa = PBXBuildFile; fileRef = 65D9136927FABF8E00A02365 /* 1.png */; };
/* End PBXBuildFile section */

/* Begin PBXContainerItemProxy section */
		656E888627F1A40B00B33CE6 /* PBXContainerItemProxy */ = {
			isa = PBXContainerItemProxy;
			containerPortal = 656E886727F1A40800B33CE6 /* Project object */;
			proxyType = 1;
			remoteGlobalIDString = 656E886E27F1A40800B33CE6;
			remoteInfo = "17 - UITableViewCell";
		};
		656E889027F1A40B00B33CE6 /* PBXContainerItemProxy */ = {
			isa = PBXContainerItemProxy;
			containerPortal = 656E886727F1A40800B33CE6 /* Project object */;
			proxyType = 1;
			remoteGlobalIDString = 656E886E27F1A40800B33CE6;
			remoteInfo = "17 - UITableViewCell";
		};
/* End PBXContainerItemProxy section */

/* Begin PBXFileReference section */
		656E886F27F1A40800B33CE6 /* 17 - UITableViewCell.app */ = {isa = PBXFileReference; explicitFileType = wrapper.application; includeInIndex = 0; path = "17 - UITableViewCell.app"; sourceTree = BUILT_PRODUCTS_DIR; };
		656E887227F1A40800B33CE6 /* AppDelegate.swift */ = {isa = PBXFileReference; lastKnownFileType = sourcecode.swift; path = AppDelegate.swift; sourceTree = "<group>"; };
		656E887427F1A40800B33CE6 /* SceneDelegate.swift */ = {isa = PBXFileReference; lastKnownFileType = sourcecode.swift; path = SceneDelegate.swift; sourceTree = "<group>"; };
		656E887627F1A40800B33CE6 /* ViewController.swift */ = {isa = PBXFileReference; lastKnownFileType = sourcecode.swift; path = ViewController.swift; sourceTree = "<group>"; };
		656E887927F1A40800B33CE6 /* Base */ = {isa = PBXFileReference; lastKnownFileType = file.storyboard; name = Base; path = Base.lproj/Main.storyboard; sourceTree = "<group>"; };
		656E887B27F1A40B00B33CE6 /* Assets.xcassets */ = {isa = PBXFileReference; lastKnownFileType = folder.assetcatalog; path = Assets.xcassets; sourceTree = "<group>"; };
		656E887E27F1A40B00B33CE6 /* Base */ = {isa = PBXFileReference; lastKnownFileType = file.storyboard; name = Base; path = Base.lproj/LaunchScreen.storyboard; sourceTree = "<group>"; };
		656E888027F1A40B00B33CE6 /* Info.plist */ = {isa = PBXFileReference; lastKnownFileType = text.plist.xml; path = Info.plist; sourceTree = "<group>"; };
		656E888527F1A40B00B33CE6 /* 17 - UITableViewCellTests.xctest */ = {isa = PBXFileReference; explicitFileType = wrapper.cfbundle; includeInIndex = 0; path = "17 - UITableViewCellTests.xctest"; sourceTree = BUILT_PRODUCTS_DIR; };
		656E888927F1A40B00B33CE6 /* _7___UITableViewCellTests.swift */ = {isa = PBXFileReference; lastKnownFileType = sourcecode.swift; path = "_7___UITableViewCellTests.swift"; sourceTree = "<group>"; };
		656E888F27F1A40B00B33CE6 /* 17 - UITableViewCellUITests.xctest */ = {isa = PBXFileReference; explicitFileType = wrapper.cfbundle; includeInIndex = 0; path = "17 - UITableViewCellUITests.xctest"; sourceTree = BUILT_PRODUCTS_DIR; };
		656E889327F1A40B00B33CE6 /* _7___UITableViewCellUITests.swift */ = {isa = PBXFileReference; lastKnownFileType = sourcecode.swift; path = "_7___UITableViewCellUITests.swift"; sourceTree = "<group>"; };
		656E889527F1A40B00B33CE6 /* _7___UITableViewCellUITestsLaunchTests.swift */ = {isa = PBXFileReference; lastKnownFileType = sourcecode.swift; path = "_7___UITableViewCellUITestsLaunchTests.swift"; sourceTree = "<group>"; };
		656E88A227F1A77900B33CE6 /* TableViewController.swift */ = {isa = PBXFileReference; lastKnownFileType = sourcecode.swift; path = TableViewController.swift; sourceTree = "<group>"; };
		656E88A427F1A79900B33CE6 /* TableViewCell.swift */ = {isa = PBXFileReference; lastKnownFileType = sourcecode.swift; path = TableViewCell.swift; sourceTree = "<group>"; };
		656E88A727F1A7FE00B33CE6 /* Exercise.swift */ = {isa = PBXFileReference; lastKnownFileType = sourcecode.swift; path = Exercise.swift; sourceTree = "<group>"; };
		65D9136727FABF8E00A02365 /* 2.png */ = {isa = PBXFileReference; lastKnownFileType = image.png; path = 2.png; sourceTree = "<group>"; };
		65D9136827FABF8E00A02365 /* 3.png */ = {isa = PBXFileReference; lastKnownFileType = image.png; path = 3.png; sourceTree = "<group>"; };
		65D9136927FABF8E00A02365 /* 1.png */ = {isa = PBXFileReference; lastKnownFileType = image.png; path = 1.png; sourceTree = "<group>"; };
/* End PBXFileReference section */

/* Begin PBXFrameworksBuildPhase section */
		656E886C27F1A40800B33CE6 /* Frameworks */ = {
			isa = PBXFrameworksBuildPhase;
			buildActionMask = 2147483647;
			files = (
			);
			runOnlyForDeploymentPostprocessing = 0;
		};
		656E888227F1A40B00B33CE6 /* Frameworks */ = {
			isa = PBXFrameworksBuildPhase;
			buildActionMask = 2147483647;
			files = (
			);
			runOnlyForDeploymentPostprocessing = 0;
		};
		656E888C27F1A40B00B33CE6 /* Frameworks */ = {
			isa = PBXFrameworksBuildPhase;
			buildActionMask = 2147483647;
			files = (
			);
			runOnlyForDeploymentPostprocessing = 0;
		};
/* End PBXFrameworksBuildPhase section */

/* Begin PBXGroup section */
		656E886627F1A40800B33CE6 = {
			isa = PBXGroup;
			children = (
				656E887127F1A40800B33CE6 /* 17 - UITableViewCell */,
				656E888827F1A40B00B33CE6 /* 17 - UITableViewCellTests */,
				656E889227F1A40B00B33CE6 /* 17 - UITableViewCellUITests */,
				656E887027F1A40800B33CE6 /* Products */,
			);
			sourceTree = "<group>";
		};
		656E887027F1A40800B33CE6 /* Products */ = {
			isa = PBXGroup;
			children = (
				656E886F27F1A40800B33CE6 /* 17 - UITableViewCell.app */,
				656E888527F1A40B00B33CE6 /* 17 - UITableViewCellTests.xctest */,
				656E888F27F1A40B00B33CE6 /* 17 - UITableViewCellUITests.xctest */,
			);
			name = Products;
			sourceTree = "<group>";
		};
		656E887127F1A40800B33CE6 /* 17 - UITableViewCell */ = {
			isa = PBXGroup;
			children = (
				656E88A627F1A7B800B33CE6 /* Model */,
				656E887227F1A40800B33CE6 /* AppDelegate.swift */,
				656E887427F1A40800B33CE6 /* SceneDelegate.swift */,
				656E887627F1A40800B33CE6 /* ViewController.swift */,
				656E88A227F1A77900B33CE6 /* TableViewController.swift */,
				656E88A427F1A79900B33CE6 /* TableViewCell.swift */,
				656E887827F1A40800B33CE6 /* Main.storyboard */,
				656E887B27F1A40B00B33CE6 /* Assets.xcassets */,
				656E887D27F1A40B00B33CE6 /* LaunchScreen.storyboard */,
				656E888027F1A40B00B33CE6 /* Info.plist */,
			);
			path = "17 - UITableViewCell";
			sourceTree = "<group>";
		};
		656E888827F1A40B00B33CE6 /* 17 - UITableViewCellTests */ = {
			isa = PBXGroup;
			children = (
				656E888927F1A40B00B33CE6 /* _7___UITableViewCellTests.swift */,
			);
			path = "17 - UITableViewCellTests";
			sourceTree = "<group>";
		};
		656E889227F1A40B00B33CE6 /* 17 - UITableViewCellUITests */ = {
			isa = PBXGroup;
			children = (
				656E889327F1A40B00B33CE6 /* _7___UITableViewCellUITests.swift */,
				656E889527F1A40B00B33CE6 /* _7___UITableViewCellUITestsLaunchTests.swift */,
			);
			path = "17 - UITableViewCellUITests";
			sourceTree = "<group>";
		};
		656E88A627F1A7B800B33CE6 /* Model */ = {
			isa = PBXGroup;
			children = (
				65D9136927FABF8E00A02365 /* 1.png */,
				65D9136727FABF8E00A02365 /* 2.png */,
				65D9136827FABF8E00A02365 /* 3.png */,
				656E88A727F1A7FE00B33CE6 /* Exercise.swift */,
			);
			path = Model;
			sourceTree = "<group>";
		};
/* End PBXGroup section */

/* Begin PBXNativeTarget section */
		656E886E27F1A40800B33CE6 /* 17 - UITableViewCell */ = {
			isa = PBXNativeTarget;
			buildConfigurationList = 656E889927F1A40B00B33CE6 /* Build configuration list for PBXNativeTarget "17 - UITableViewCell" */;
			buildPhases = (
				656E886B27F1A40800B33CE6 /* Sources */,
				656E886C27F1A40800B33CE6 /* Frameworks */,
				656E886D27F1A40800B33CE6 /* Resources */,
			);
			buildRules = (
			);
			dependencies = (
			);
			name = "17 - UITableViewCell";
			productName = "17 - UITableViewCell";
			productReference = 656E886F27F1A40800B33CE6 /* 17 - UITableViewCell.app */;
			productType = "com.apple.product-type.application";
		};
		656E888427F1A40B00B33CE6 /* 17 - UITableViewCellTests */ = {
			isa = PBXNativeTarget;
			buildConfigurationList = 656E889C27F1A40B00B33CE6 /* Build configuration list for PBXNativeTarget "17 - UITableViewCellTests" */;
			buildPhases = (
				656E888127F1A40B00B33CE6 /* Sources */,
				656E888227F1A40B00B33CE6 /* Frameworks */,
				656E888327F1A40B00B33CE6 /* Resources */,
			);
			buildRules = (
			);
			dependencies = (
				656E888727F1A40B00B33CE6 /* PBXTargetDependency */,
			);
			name = "17 - UITableViewCellTests";
			productName = "17 - UITableViewCellTests";
			productReference = 656E888527F1A40B00B33CE6 /* 17 - UITableViewCellTests.xctest */;
			productType = "com.apple.product-type.bundle.unit-test";
		};
		656E888E27F1A40B00B33CE6 /* 17 - UITableViewCellUITests */ = {
			isa = PBXNativeTarget;
			buildConfigurationList = 656E889F27F1A40B00B33CE6 /* Build configuration list for PBXNativeTarget "17 - UITableViewCellUITests" */;
			buildPhases = (
				656E888B27F1A40B00B33CE6 /* Sources */,
				656E888C27F1A40B00B33CE6 /* Frameworks */,
				656E888D27F1A40B00B33CE6 /* Resources */,
			);
			buildRules = (
			);
			dependencies = (
				656E889127F1A40B00B33CE6 /* PBXTargetDependency */,
			);
			name = "17 - UITableViewCellUITests";
			productName = "17 - UITableViewCellUITests";
			productReference = 656E888F27F1A40B00B33CE6 /* 17 - UITableViewCellUITests.xctest */;
			productType = "com.apple.product-type.bundle.ui-testing";
		};
/* End PBXNativeTarget section */

/* Begin PBXProject section */
		656E886727F1A40800B33CE6 /* Project object */ = {
			isa = PBXProject;
			attributes = {
				BuildIndependentTargetsInParallel = 1;
				LastSwiftUpdateCheck = 1330;
				LastUpgradeCheck = 1330;
				TargetAttributes = {
					656E886E27F1A40800B33CE6 = {
						CreatedOnToolsVersion = 13.3;
					};
					656E888427F1A40B00B33CE6 = {
						CreatedOnToolsVersion = 13.3;
						TestTargetID = 656E886E27F1A40800B33CE6;
					};
					656E888E27F1A40B00B33CE6 = {
						CreatedOnToolsVersion = 13.3;
						TestTargetID = 656E886E27F1A40800B33CE6;
					};
				};
			};
			buildConfigurationList = 656E886A27F1A40800B33CE6 /* Build configuration list for PBXProject "17 - UITableViewCell" */;
			compatibilityVersion = "Xcode 13.0";
			developmentRegion = en;
			hasScannedForEncodings = 0;
			knownRegions = (
				en,
				Base,
			);
			mainGroup = 656E886627F1A40800B33CE6;
			productRefGroup = 656E887027F1A40800B33CE6 /* Products */;
			projectDirPath = "";
			projectRoot = "";
			targets = (
				656E886E27F1A40800B33CE6 /* 17 - UITableViewCell */,
				656E888427F1A40B00B33CE6 /* 17 - UITableViewCellTests */,
				656E888E27F1A40B00B33CE6 /* 17 - UITableViewCellUITests */,
			);
		};
/* End PBXProject section */

/* Begin PBXResourcesBuildPhase section */
		656E886D27F1A40800B33CE6 /* Resources */ = {
			isa = PBXResourcesBuildPhase;
			buildActionMask = 2147483647;
			files = (
				65D9136B27FABF8E00A02365 /* 3.png in Resources */,
				656E887F27F1A40B00B33CE6 /* LaunchScreen.storyboard in Resources */,
				656E887C27F1A40B00B33CE6 /* Assets.xcassets in Resources */,
				65D9136C27FABF8E00A02365 /* 1.png in Resources */,
				65D9136A27FABF8E00A02365 /* 2.png in Resources */,
				656E887A27F1A40800B33CE6 /* Main.storyboard in Resources */,
			);
			runOnlyForDeploymentPostprocessing = 0;
		};
		656E888327F1A40B00B33CE6 /* Resources */ = {
			isa = PBXResourcesBuildPhase;
			buildActionMask = 2147483647;
			files = (
			);
			runOnlyForDeploymentPostprocessing = 0;
		};
		656E888D27F1A40B00B33CE6 /* Resources */ = {
			isa = PBXResourcesBuildPhase;
			buildActionMask = 2147483647;
			files = (
			);
			runOnlyForDeploymentPostprocessing = 0;
		};
/* End PBXResourcesBuildPhase section */

/* Begin PBXSourcesBuildPhase section */
		656E886B27F1A40800B33CE6 /* Sources */ = {
			isa = PBXSourcesBuildPhase;
			buildActionMask = 2147483647;
			files = (
				656E88A527F1A79900B33CE6 /* TableViewCell.swift in Sources */,
				656E887727F1A40800B33CE6 /* ViewController.swift in Sources */,
				656E887327F1A40800B33CE6 /* AppDelegate.swift in Sources */,
				656E887527F1A40800B33CE6 /* SceneDelegate.swift in Sources */,
				656E88A327F1A77900B33CE6 /* TableViewController.swift in Sources */,
				656E88A827F1A7FE00B33CE6 /* Exercise.swift in Sources */,
			);
			runOnlyForDeploymentPostprocessing = 0;
		};
		656E888127F1A40B00B33CE6 /* Sources */ = {
			isa = PBXSourcesBuildPhase;
			buildActionMask = 2147483647;
			files = (
				656E888A27F1A40B00B33CE6 /* _7___UITableViewCellTests.swift in Sources */,
			);
			runOnlyForDeploymentPostprocessing = 0;
		};
		656E888B27F1A40B00B33CE6 /* Sources */ = {
			isa = PBXSourcesBuildPhase;
			buildActionMask = 2147483647;
			files = (
				656E889627F1A40B00B33CE6 /* _7___UITableViewCellUITestsLaunchTests.swift in Sources */,
				656E889427F1A40B00B33CE6 /* _7___UITableViewCellUITests.swift in Sources */,
			);
			runOnlyForDeploymentPostprocessing = 0;
		};
/* End PBXSourcesBuildPhase section */

/* Begin PBXTargetDependency section */
		656E888727F1A40B00B33CE6 /* PBXTargetDependency */ = {
			isa = PBXTargetDependency;
			target = 656E886E27F1A40800B33CE6 /* 17 - UITableViewCell */;
			targetProxy = 656E888627F1A40B00B33CE6 /* PBXContainerItemProxy */;
		};
		656E889127F1A40B00B33CE6 /* PBXTargetDependency */ = {
			isa = PBXTargetDependency;
			target = 656E886E27F1A40800B33CE6 /* 17 - UITableViewCell */;
			targetProxy = 656E889027F1A40B00B33CE6 /* PBXContainerItemProxy */;
		};
/* End PBXTargetDependency section */

/* Begin PBXVariantGroup section */
		656E887827F1A40800B33CE6 /* Main.storyboard */ = {
			isa = PBXVariantGroup;
			children = (
				656E887927F1A40800B33CE6 /* Base */,
			);
			name = Main.storyboard;
			sourceTree = "<group>";
		};
		656E887D27F1A40B00B33CE6 /* LaunchScreen.storyboard */ = {
			isa = PBXVariantGroup;
			children = (
				656E887E27F1A40B00B33CE6 /* Base */,
			);
			name = LaunchScreen.storyboard;
			sourceTree = "<group>";
		};
/* End PBXVariantGroup section */

/* Begin XCBuildConfiguration section */
		656E889727F1A40B00B33CE6 /* Debug */ = {
			isa = XCBuildConfiguration;
			buildSettings = {
				ALWAYS_SEARCH_USER_PATHS = NO;
				CLANG_ANALYZER_NONNULL = YES;
				CLANG_ANALYZER_NUMBER_OBJECT_CONVERSION = YES_AGGRESSIVE;
				CLANG_CXX_LANGUAGE_STANDARD = "gnu++17";
				CLANG_ENABLE_MODULES = YES;
				CLANG_ENABLE_OBJC_ARC = YES;
				CLANG_ENABLE_OBJC_WEAK = YES;
				CLANG_WARN_BLOCK_CAPTURE_AUTORELEASING = YES;
				CLANG_WARN_BOOL_CONVERSION = YES;
				CLANG_WARN_COMMA = YES;
				CLANG_WARN_CONSTANT_CONVERSION = YES;
				CLANG_WARN_DEPRECATED_OBJC_IMPLEMENTATIONS = YES;
				CLANG_WARN_DIRECT_OBJC_ISA_USAGE = YES_ERROR;
				CLANG_WARN_DOCUMENTATION_COMMENTS = YES;
				CLANG_WARN_EMPTY_BODY = YES;
				CLANG_WARN_ENUM_CONVERSION = YES;
				CLANG_WARN_INFINITE_RECURSION = YES;
				CLANG_WARN_INT_CONVERSION = YES;
				CLANG_WARN_NON_LITERAL_NULL_CONVERSION = YES;
				CLANG_WARN_OBJC_IMPLICIT_RETAIN_SELF = YES;
				CLANG_WARN_OBJC_LITERAL_CONVERSION = YES;
				CLANG_WARN_OBJC_ROOT_CLASS = YES_ERROR;
				CLANG_WARN_QUOTED_INCLUDE_IN_FRAMEWORK_HEADER = YES;
				CLANG_WARN_RANGE_LOOP_ANALYSIS = YES;
				CLANG_WARN_STRICT_PROTOTYPES = YES;
				CLANG_WARN_SUSPICIOUS_MOVE = YES;
				CLANG_WARN_UNGUARDED_AVAILABILITY = YES_AGGRESSIVE;
				CLANG_WARN_UNREACHABLE_CODE = YES;
				CLANG_WARN__DUPLICATE_METHOD_MATCH = YES;
				COPY_PHASE_STRIP = NO;
				DEBUG_INFORMATION_FORMAT = dwarf;
				ENABLE_STRICT_OBJC_MSGSEND = YES;
				ENABLE_TESTABILITY = YES;
				GCC_C_LANGUAGE_STANDARD = gnu11;
				GCC_DYNAMIC_NO_PIC = NO;
				GCC_NO_COMMON_BLOCKS = YES;
				GCC_OPTIMIZATION_LEVEL = 0;
				GCC_PREPROCESSOR_DEFINITIONS = (
					"DEBUG=1",
					"$(inherited)",
				);
				GCC_WARN_64_TO_32_BIT_CONVERSION = YES;
				GCC_WARN_ABOUT_RETURN_TYPE = YES_ERROR;
				GCC_WARN_UNDECLARED_SELECTOR = YES;
				GCC_WARN_UNINITIALIZED_AUTOS = YES_AGGRESSIVE;
				GCC_WARN_UNUSED_FUNCTION = YES;
				GCC_WARN_UNUSED_VARIABLE = YES;
				IPHONEOS_DEPLOYMENT_TARGET = 15.4;
				MTL_ENABLE_DEBUG_INFO = INCLUDE_SOURCE;
				MTL_FAST_MATH = YES;
				ONLY_ACTIVE_ARCH = YES;
				SDKROOT = iphoneos;
				SWIFT_ACTIVE_COMPILATION_CONDITIONS = DEBUG;
				SWIFT_OPTIMIZATION_LEVEL = "-Onone";
			};
			name = Debug;
		};
		656E889827F1A40B00B33CE6 /* Release */ = {
			isa = XCBuildConfiguration;
			buildSettings = {
				ALWAYS_SEARCH_USER_PATHS = NO;
				CLANG_ANALYZER_NONNULL = YES;
				CLANG_ANALYZER_NUMBER_OBJECT_CONVERSION = YES_AGGRESSIVE;
				CLANG_CXX_LANGUAGE_STANDARD = "gnu++17";
				CLANG_ENABLE_MODULES = YES;
				CLANG_ENABLE_OBJC_ARC = YES;
				CLANG_ENABLE_OBJC_WEAK = YES;
				CLANG_WARN_BLOCK_CAPTURE_AUTORELEASING = YES;
				CLANG_WARN_BOOL_CONVERSION = YES;
				CLANG_WARN_COMMA = YES;
				CLANG_WARN_CONSTANT_CONVERSION = YES;
				CLANG_WARN_DEPRECATED_OBJC_IMPLEMENTATIONS = YES;
				CLANG_WARN_DIRECT_OBJC_ISA_USAGE = YES_ERROR;
				CLANG_WARN_DOCUMENTATION_COMMENTS = YES;
				CLANG_WARN_EMPTY_BODY = YES;
				CLANG_WARN_ENUM_CONVERSION = YES;
				CLANG_WARN_INFINITE_RECURSION = YES;
				CLANG_WARN_INT_CONVERSION = YES;
				CLANG_WARN_NON_LITERAL_NULL_CONVERSION = YES;
				CLANG_WARN_OBJC_IMPLICIT_RETAIN_SELF = YES;
				CLANG_WARN_OBJC_LITERAL_CONVERSION = YES;
				CLANG_WARN_OBJC_ROOT_CLASS = YES_ERROR;
				CLANG_WARN_QUOTED_INCLUDE_IN_FRAMEWORK_HEADER = YES;
				CLANG_WARN_RANGE_LOOP_ANALYSIS = YES;
				CLANG_WARN_STRICT_PROTOTYPES = YES;
				CLANG_WARN_SUSPICIOUS_MOVE = YES;
				CLANG_WARN_UNGUARDED_AVAILABILITY = YES_AGGRESSIVE;
				CLANG_WARN_UNREACHABLE_CODE = YES;
				CLANG_WARN__DUPLICATE_METHOD_MATCH = YES;
				COPY_PHASE_STRIP = NO;
				DEBUG_INFORMATION_FORMAT = "dwarf-with-dsym";
				ENABLE_NS_ASSERTIONS = NO;
				ENABLE_STRICT_OBJC_MSGSEND = YES;
				GCC_C_LANGUAGE_STANDARD = gnu11;
				GCC_NO_COMMON_BLOCKS = YES;
				GCC_WARN_64_TO_32_BIT_CONVERSION = YES;
				GCC_WARN_ABOUT_RETURN_TYPE = YES_ERROR;
				GCC_WARN_UNDECLARED_SELECTOR = YES;
				GCC_WARN_UNINITIALIZED_AUTOS = YES_AGGRESSIVE;
				GCC_WARN_UNUSED_FUNCTION = YES;
				GCC_WARN_UNUSED_VARIABLE = YES;
				IPHONEOS_DEPLOYMENT_TARGET = 15.4;
				MTL_ENABLE_DEBUG_INFO = NO;
				MTL_FAST_MATH = YES;
				SDKROOT = iphoneos;
				SWIFT_COMPILATION_MODE = wholemodule;
				SWIFT_OPTIMIZATION_LEVEL = "-O";
				VALIDATE_PRODUCT = YES;
			};
			name = Release;
		};
		656E889A27F1A40B00B33CE6 /* Debug */ = {
			isa = XCBuildConfiguration;
			buildSettings = {
				ASSETCATALOG_COMPILER_APPICON_NAME = AppIcon;
				ASSETCATALOG_COMPILER_GLOBAL_ACCENT_COLOR_NAME = AccentColor;
				CODE_SIGN_STYLE = Automatic;
				CURRENT_PROJECT_VERSION = 1;
				DEVELOPMENT_TEAM = 2UF58G89H3;
				GENERATE_INFOPLIST_FILE = YES;
				INFOPLIST_FILE = "17 - UITableViewCell/Info.plist";
				INFOPLIST_KEY_UIApplicationSupportsIndirectInputEvents = YES;
				INFOPLIST_KEY_UILaunchStoryboardName = LaunchScreen;
				INFOPLIST_KEY_UIMainStoryboardFile = Main;
				INFOPLIST_KEY_UISupportedInterfaceOrientations_iPad = "UIInterfaceOrientationPortrait UIInterfaceOrientationPortraitUpsideDown UIInterfaceOrientationLandscapeLeft UIInterfaceOrientationLandscapeRight";
				INFOPLIST_KEY_UISupportedInterfaceOrientations_iPhone = "UIInterfaceOrientationPortrait UIInterfaceOrientationLandscapeLeft UIInterfaceOrientationLandscapeRight";
				LD_RUNPATH_SEARCH_PATHS = (
					"$(inherited)",
					"@executable_path/Frameworks",
				);
				MARKETING_VERSION = 1.0;
				PRODUCT_BUNDLE_IDENTIFIER = "com.aweyout.-7---UITableViewCell";
				PRODUCT_NAME = "$(TARGET_NAME)";
				SWIFT_EMIT_LOC_STRINGS = YES;
				SWIFT_VERSION = 5.0;
				TARGETED_DEVICE_FAMILY = "1,2";
			};
			name = Debug;
		};
		656E889B27F1A40B00B33CE6 /* Release */ = {
			isa = XCBuildConfiguration;
			buildSettings = {
				ASSETCATALOG_COMPILER_APPICON_NAME = AppIcon;
				ASSETCATALOG_COMPILER_GLOBAL_ACCENT_COLOR_NAME = AccentColor;
				CODE_SIGN_STYLE = Automatic;
				CURRENT_PROJECT_VERSION = 1;
				DEVELOPMENT_TEAM = 2UF58G89H3;
				GENERATE_INFOPLIST_FILE = YES;
				INFOPLIST_FILE = "17 - UITableViewCell/Info.plist";
				INFOPLIST_KEY_UIApplicationSupportsIndirectInputEvents = YES;
				INFOPLIST_KEY_UILaunchStoryboardName = LaunchScreen;
				INFOPLIST_KEY_UIMainStoryboardFile = Main;
				INFOPLIST_KEY_UISupportedInterfaceOrientations_iPad = "UIInterfaceOrientationPortrait UIInterfaceOrientationPortraitUpsideDown UIInterfaceOrientationLandscapeLeft UIInterfaceOrientationLandscapeRight";
				INFOPLIST_KEY_UISupportedInterfaceOrientations_iPhone = "UIInterfaceOrientationPortrait UIInterfaceOrientationLandscapeLeft UIInterfaceOrientationLandscapeRight";
				LD_RUNPATH_SEARCH_PATHS = (
					"$(inherited)",
					"@executable_path/Frameworks",
				);
				MARKETING_VERSION = 1.0;
				PRODUCT_BUNDLE_IDENTIFIER = "com.aweyout.-7---UITableViewCell";
				PRODUCT_NAME = "$(TARGET_NAME)";
				SWIFT_EMIT_LOC_STRINGS = YES;
				SWIFT_VERSION = 5.0;
				TARGETED_DEVICE_FAMILY = "1,2";
			};
			name = Release;
		};
		656E889D27F1A40B00B33CE6 /* Debug */ = {
			isa = XCBuildConfiguration;
			buildSettings = {
				ALWAYS_EMBED_SWIFT_STANDARD_LIBRARIES = YES;
				BUNDLE_LOADER = "$(TEST_HOST)";
				CODE_SIGN_STYLE = Automatic;
				CURRENT_PROJECT_VERSION = 1;
				DEVELOPMENT_TEAM = 2UF58G89H3;
				GENERATE_INFOPLIST_FILE = YES;
				IPHONEOS_DEPLOYMENT_TARGET = 15.4;
				MARKETING_VERSION = 1.0;
				PRODUCT_BUNDLE_IDENTIFIER = "com.aweyout.-7---UITableViewCellTests";
				PRODUCT_NAME = "$(TARGET_NAME)";
				SWIFT_EMIT_LOC_STRINGS = NO;
				SWIFT_VERSION = 5.0;
				TARGETED_DEVICE_FAMILY = "1,2";
				TEST_HOST = "$(BUILT_PRODUCTS_DIR)/17 - UITableViewCell.app/17 - UITableViewCell";
			};
			name = Debug;
		};
		656E889E27F1A40B00B33CE6 /* Release */ = {
			isa = XCBuildConfiguration;
			buildSettings = {
				ALWAYS_EMBED_SWIFT_STANDARD_LIBRARIES = YES;
				BUNDLE_LOADER = "$(TEST_HOST)";
				CODE_SIGN_STYLE = Automatic;
				CURRENT_PROJECT_VERSION = 1;
				DEVELOPMENT_TEAM = 2UF58G89H3;
				GENERATE_INFOPLIST_FILE = YES;
				IPHONEOS_DEPLOYMENT_TARGET = 15.4;
				MARKETING_VERSION = 1.0;
				PRODUCT_BUNDLE_IDENTIFIER = "com.aweyout.-7---UITableViewCellTests";
				PRODUCT_NAME = "$(TARGET_NAME)";
				SWIFT_EMIT_LOC_STRINGS = NO;
				SWIFT_VERSION = 5.0;
				TARGETED_DEVICE_FAMILY = "1,2";
				TEST_HOST = "$(BUILT_PRODUCTS_DIR)/17 - UITableViewCell.app/17 - UITableViewCell";
			};
			name = Release;
		};
		656E88A027F1A40B00B33CE6 /* Debug */ = {
			isa = XCBuildConfiguration;
			buildSettings = {
				ALWAYS_EMBED_SWIFT_STANDARD_LIBRARIES = YES;
				CODE_SIGN_STYLE = Automatic;
				CURRENT_PROJECT_VERSION = 1;
				DEVELOPMENT_TEAM = 2UF58G89H3;
				GENERATE_INFOPLIST_FILE = YES;
				MARKETING_VERSION = 1.0;
				PRODUCT_BUNDLE_IDENTIFIER = "com.aweyout.-7---UITableViewCellUITests";
				PRODUCT_NAME = "$(TARGET_NAME)";
				SWIFT_EMIT_LOC_STRINGS = NO;
				SWIFT_VERSION = 5.0;
				TARGETED_DEVICE_FAMILY = "1,2";
				TEST_TARGET_NAME = "17 - UITableViewCell";
			};
			name = Debug;
		};
		656E88A127F1A40B00B33CE6 /* Release */ = {
			isa = XCBuildConfiguration;
			buildSettings = {
				ALWAYS_EMBED_SWIFT_STANDARD_LIBRARIES = YES;
				CODE_SIGN_STYLE = Automatic;
				CURRENT_PROJECT_VERSION = 1;
				DEVELOPMENT_TEAM = 2UF58G89H3;
				GENERATE_INFOPLIST_FILE = YES;
				MARKETING_VERSION = 1.0;
				PRODUCT_BUNDLE_IDENTIFIER = "com.aweyout.-7---UITableViewCellUITests";
				PRODUCT_NAME = "$(TARGET_NAME)";
				SWIFT_EMIT_LOC_STRINGS = NO;
				SWIFT_VERSION = 5.0;
				TARGETED_DEVICE_FAMILY = "1,2";
				TEST_TARGET_NAME = "17 - UITableViewCell";
			};
			name = Release;
		};
/* End XCBuildConfiguration section */

/* Begin XCConfigurationList section */
		656E886A27F1A40800B33CE6 /* Build configuration list for PBXProject "17 - UITableViewCell" */ = {
			isa = XCConfigurationList;
			buildConfigurations = (
				656E889727F1A40B00B33CE6 /* Debug */,
				656E889827F1A40B00B33CE6 /* Release */,
			);
			defaultConfigurationIsVisible = 0;
			defaultConfigurationName = Release;
		};
		656E889927F1A40B00B33CE6 /* Build configuration list for PBXNativeTarget "17 - UITableViewCell" */ = {
			isa = XCConfigurationList;
			buildConfigurations = (
				656E889A27F1A40B00B33CE6 /* Debug */,
				656E889B27F1A40B00B33CE6 /* Release */,
			);
			defaultConfigurationIsVisible = 0;
			defaultConfigurationName = Release;
		};
		656E889C27F1A40B00B33CE6 /* Build configuration list for PBXNativeTarget "17 - UITableViewCellTests" */ = {
			isa = XCConfigurationList;
			buildConfigurations = (
				656E889D27F1A40B00B33CE6 /* Debug */,
				656E889E27F1A40B00B33CE6 /* Release */,
			);
			defaultConfigurationIsVisible = 0;
			defaultConfigurationName = Release;
		};
		656E889F27F1A40B00B33CE6 /* Build configuration list for PBXNativeTarget "17 - UITableViewCellUITests" */ = {
			isa = XCConfigurationList;
			buildConfigurations = (
				656E88A027F1A40B00B33CE6 /* Debug */,
				656E88A127F1A40B00B33CE6 /* Release */,
			);
			defaultConfigurationIsVisible = 0;
			defaultConfigurationName = Release;
		};
/* End XCConfigurationList section */
	};
	rootObject = 656E886727F1A40800B33CE6 /* Project object */;
}
